// !$*UTF8*$!
{
	archiveVersion = 1;
	classes = {
	};
	objectVersion = 46;
	objects = {

/* Begin PBXBuildFile section */
		1692138CDAB886C3368620BC /* WeeklyUsage.swift in Sources */ = {isa = PBXBuildFile; fileRef = A8030A2EACE0A124AF67C30A /* WeeklyUsage.swift */; };
		28B74EFA95989424922CA416 /* UsageModels.swift in Sources */ = {isa = PBXBuildFile; fileRef = EDDDAA37721A1010EF04E865 /* UsageModels.swift */; };
		36AB3961A11605BBEEE18928 /* CodexConnection.swift in Sources */ = {isa = PBXBuildFile; fileRef = A41176CCAFB2925879ED2568 /* CodexConnection.swift */; };
		42672E3C9EE3A214179AC955 /* CodexRPCFramer.swift in Sources */ = {isa = PBXBuildFile; fileRef = 3D43C6D966543305E5469E95 /* CodexRPCFramer.swift */; };
		45CC9D1A1BEB6F638FB9B886 /* Assets.xcassets in Resources */ = {isa = PBXBuildFile; fileRef = 8C5FF02B72FA76CFA8506B22 /* Assets.xcassets */; };
		4F6796D8F25B6836FAEB9048 /* CodexUsageViewerUITests.swift in Sources */ = {isa = PBXBuildFile; fileRef = FAFEB810903E76AB1EE5E321 /* CodexUsageViewerUITests.swift */; };
		4F7B468513587BB38876F08D /* CodexUsageViewerSettingsView.swift in Sources */ = {isa = PBXBuildFile; fileRef = F61FC22548D523BCB8F4FA56 /* CodexUsageViewerSettingsView.swift */; };
		52959D685B23279319CE578D /* Cocoa.framework in Frameworks */ = {isa = PBXBuildFile; fileRef = 6A0836D91BC90BD5D51EBCE3 /* Cocoa.framework */; };
		53934ABEB51518CA1B188B03 /* SharedSnapshotStore.swift in Sources */ = {isa = PBXBuildFile; fileRef = 4E73D24D8B5757A320E1856F /* SharedSnapshotStore.swift */; };
		58B2CC241AF179E746202ED4 /* CodexUsageViewerWidget.swift in Sources */ = {isa = PBXBuildFile; fileRef = B4B2C8581297946DE0FEBDF0 /* CodexUsageViewerWidget.swift */; };
		5F4AB38AEA73630F838A3F5A /* CodexUsageViewerStyle.swift in Sources */ = {isa = PBXBuildFile; fileRef = 49FBC7A6339936B56AFB3FD0 /* CodexUsageViewerStyle.swift */; };
		93BFBD17CF8C8938FED2EBFC /* CodexUsageViewerVersion.swift in Sources */ = {isa = PBXBuildFile; fileRef = 251B13BD91868DD49D930BAC /* CodexUsageViewerVersion.swift */; };
		95604587633BCAF37198B585 /* CodexUsageViewerStyle.swift in Sources */ = {isa = PBXBuildFile; fileRef = 49FBC7A6339936B56AFB3FD0 /* CodexUsageViewerStyle.swift */; };
		97381DE1D65ED40A334097A2 /* CodexUsageViewerWidget.appex in Embed App Extensions */ = {isa = PBXBuildFile; fileRef = 0C7F04ECB129EE6D9C72F02D /* CodexUsageViewerWidget.appex */; settings = {ATTRIBUTES = (RemoveHeadersOnCopy, ); }; };
		9DCA6E021F90AEBA8ECEB3E4 /* CodexUsageViewerWidgetContent.swift in Sources */ = {isa = PBXBuildFile; fileRef = C2CC0817D1F9CE835502548C /* CodexUsageViewerWidgetContent.swift */; };
		9E51907BA01E0CE547C37AB5 /* Cocoa.framework in Frameworks */ = {isa = PBXBuildFile; fileRef = 6A0836D91BC90BD5D51EBCE3 /* Cocoa.framework */; };
		A42E8079683153E41E90E57A /* CodexUsageViewerVersion.swift in Sources */ = {isa = PBXBuildFile; fileRef = 251B13BD91868DD49D930BAC /* CodexUsageViewerVersion.swift */; };
		A650AB0CCFCB14D2A21D9272 /* SharedSnapshotStore.swift in Sources */ = {isa = PBXBuildFile; fileRef = 4E73D24D8B5757A320E1856F /* SharedSnapshotStore.swift */; };
		ABAC846B165BBA94028E6C0D /* UsageModels.swift in Sources */ = {isa = PBXBuildFile; fileRef = EDDDAA37721A1010EF04E865 /* UsageModels.swift */; };
		AD54913FF82DC38A64BF124B /* ConnectionSheet.swift in Sources */ = {isa = PBXBuildFile; fileRef = C06A4E874ECFCBA19B5491DD /* ConnectionSheet.swift */; };
		ADC147A1CA30BC7270EE7EB1 /* ChromeProfiles.swift in Sources */ = {isa = PBXBuildFile; fileRef = F134823C9A2473E5B2471645 /* ChromeProfiles.swift */; };
		ADD8421AE9DE0AE469736BF6 /* CodexUsageViewerStore.swift in Sources */ = {isa = PBXBuildFile; fileRef = 5E21B1B49C1FE62E33E7EA22 /* CodexUsageViewerStore.swift */; };
		B97087AC859ADE14BBDA86EB /* Cocoa.framework in Frameworks */ = {isa = PBXBuildFile; fileRef = 6A0836D91BC90BD5D51EBCE3 /* Cocoa.framework */; };
		CDB2C414DAAFBF813F656B21 /* DashboardView.swift in Sources */ = {isa = PBXBuildFile; fileRef = 91017818391E5E8FAC411D33 /* DashboardView.swift */; };
		F1F529E80FC478873542B09E /* CodexUsageViewerApp.swift in Sources */ = {isa = PBXBuildFile; fileRef = 198ECF966B13BD74476D8A8D /* CodexUsageViewerApp.swift */; };
		FD2C85AF73808448EBF7C778 /* WeeklyUsage.swift in Sources */ = {isa = PBXBuildFile; fileRef = A8030A2EACE0A124AF67C30A /* WeeklyUsage.swift */; };
/* End PBXBuildFile section */

/* Begin PBXContainerItemProxy section */
		308648AF8A104D829DEA7F08 /* PBXContainerItemProxy */ = {
			isa = PBXContainerItemProxy;
			containerPortal = 817FACBC16BD5F20E1A959E4 /* Project object */;
			proxyType = 1;
			remoteGlobalIDString = 5823EAE9411604E2480B94E0;
			remoteInfo = CodexUsageViewerWidget;
		};
		E913F7D61DCD3A8C9F344985 /* PBXContainerItemProxy */ = {
			isa = PBXContainerItemProxy;
			containerPortal = 817FACBC16BD5F20E1A959E4 /* Project object */;
			proxyType = 1;
			remoteGlobalIDString = 3A5FF026466E45FAEFB05328;
			remoteInfo = CodexUsageViewer;
		};
/* End PBXContainerItemProxy section */

/* Begin PBXCopyFilesBuildPhase section */
		D601C3DABE76F5C312516A5C /* Embed App Extensions */ = {
			isa = PBXCopyFilesBuildPhase;
			buildActionMask = 2147483647;
			dstPath = "";
			dstSubfolderSpec = 13;
			files = (
				97381DE1D65ED40A334097A2 /* CodexUsageViewerWidget.appex in Embed App Extensions */,
			);
			name = "Embed App Extensions";
			runOnlyForDeploymentPostprocessing = 0;
		};
/* End PBXCopyFilesBuildPhase section */

/* Begin PBXFileReference section */
		0C7F04ECB129EE6D9C72F02D /* CodexUsageViewerWidget.appex */ = {isa = PBXFileReference; explicitFileType = "wrapper.app-extension"; includeInIndex = 0; path = CodexUsageViewerWidget.appex; sourceTree = BUILT_PRODUCTS_DIR; };
		198ECF966B13BD74476D8A8D /* CodexUsageViewerApp.swift */ = {isa = PBXFileReference; includeInIndex = 1; lastKnownFileType = sourcecode.swift; path = CodexUsageViewerApp.swift; sourceTree = "<group>"; };
		1F70C0861AA4F2E280A72072 /* CodexUsageViewerWidget-Info.plist */ = {isa = PBXFileReference; includeInIndex = 1; lastKnownFileType = text.plist.xml; path = "CodexUsageViewerWidget-Info.plist"; sourceTree = "<group>"; };
		251B13BD91868DD49D930BAC /* CodexUsageViewerVersion.swift */ = {isa = PBXFileReference; includeInIndex = 1; lastKnownFileType = sourcecode.swift; path = CodexUsageViewerVersion.swift; sourceTree = "<group>"; };
		3D43C6D966543305E5469E95 /* CodexRPCFramer.swift */ = {isa = PBXFileReference; includeInIndex = 1; lastKnownFileType = sourcecode.swift; name = CodexRPCFramer.swift; path = Services/CodexRPCFramer.swift; sourceTree = "<group>"; };
		49FBC7A6339936B56AFB3FD0 /* CodexUsageViewerStyle.swift */ = {isa = PBXFileReference; includeInIndex = 1; lastKnownFileType = sourcecode.swift; path = CodexUsageViewerStyle.swift; sourceTree = "<group>"; };
		4E73D24D8B5757A320E1856F /* SharedSnapshotStore.swift */ = {isa = PBXFileReference; includeInIndex = 1; lastKnownFileType = sourcecode.swift; path = SharedSnapshotStore.swift; sourceTree = "<group>"; };
		5298CEF90B06E9F6442F89D3 /* CodexUsageViewer.app */ = {isa = PBXFileReference; explicitFileType = wrapper.application; includeInIndex = 0; path = CodexUsageViewer.app; sourceTree = BUILT_PRODUCTS_DIR; };
		5B09617CF468098EDB7BD59B /* CodexUsageViewerUITests.xctest */ = {isa = PBXFileReference; explicitFileType = wrapper.cfbundle; includeInIndex = 0; path = CodexUsageViewerUITests.xctest; sourceTree = BUILT_PRODUCTS_DIR; };
		5E21B1B49C1FE62E33E7EA22 /* CodexUsageViewerStore.swift */ = {isa = PBXFileReference; includeInIndex = 1; lastKnownFileType = sourcecode.swift; path = CodexUsageViewerStore.swift; sourceTree = "<group>"; };
		6A0836D91BC90BD5D51EBCE3 /* Cocoa.framework */ = {isa = PBXFileReference; lastKnownFileType = wrapper.framework; name = Cocoa.framework; path = Platforms/MacOSX.platform/Developer/SDKs/MacOSX15.0.sdk/System/Library/Frameworks/Cocoa.framework; sourceTree = DEVELOPER_DIR; };
		6B0F26A5DDA8DA1B844AA352 /* CodexUsageViewer.entitlements */ = {isa = PBXFileReference; includeInIndex = 1; lastKnownFileType = text.plist.entitlements; path = CodexUsageViewer.entitlements; sourceTree = "<group>"; };
		782898EF800066FBD6D0BBA7 /* CodexUsageViewerWidget.entitlements */ = {isa = PBXFileReference; includeInIndex = 1; lastKnownFileType = text.plist.entitlements; path = CodexUsageViewerWidget.entitlements; sourceTree = "<group>"; };
		8C5FF02B72FA76CFA8506B22 /* Assets.xcassets */ = {isa = PBXFileReference; includeInIndex = 1; lastKnownFileType = folder.assetcatalog; path = Assets.xcassets; sourceTree = "<group>"; };
		91017818391E5E8FAC411D33 /* DashboardView.swift */ = {isa = PBXFileReference; includeInIndex = 1; lastKnownFileType = sourcecode.swift; name = DashboardView.swift; path = Views/DashboardView.swift; sourceTree = "<group>"; };
		A41176CCAFB2925879ED2568 /* CodexConnection.swift */ = {isa = PBXFileReference; includeInIndex = 1; lastKnownFileType = sourcecode.swift; name = CodexConnection.swift; path = Services/CodexConnection.swift; sourceTree = "<group>"; };
		A8030A2EACE0A124AF67C30A /* WeeklyUsage.swift */ = {isa = PBXFileReference; includeInIndex = 1; lastKnownFileType = sourcecode.swift; path = WeeklyUsage.swift; sourceTree = "<group>"; };
		B3241584E51BE052E2491B95 /* CodexUsageViewer-Info.plist */ = {isa = PBXFileReference; includeInIndex = 1; lastKnownFileType = text.plist.xml; path = "CodexUsageViewer-Info.plist"; sourceTree = "<group>"; };
		B4B2C8581297946DE0FEBDF0 /* CodexUsageViewerWidget.swift */ = {isa = PBXFileReference; includeInIndex = 1; lastKnownFileType = sourcecode.swift; path = CodexUsageViewerWidget.swift; sourceTree = "<group>"; };
		C06A4E874ECFCBA19B5491DD /* ConnectionSheet.swift */ = {isa = PBXFileReference; includeInIndex = 1; lastKnownFileType = sourcecode.swift; name = ConnectionSheet.swift; path = Views/ConnectionSheet.swift; sourceTree = "<group>"; };
		C2CC0817D1F9CE835502548C /* CodexUsageViewerWidgetContent.swift */ = {isa = PBXFileReference; includeInIndex = 1; lastKnownFileType = sourcecode.swift; path = CodexUsageViewerWidgetContent.swift; sourceTree = "<group>"; };
		EDDDAA37721A1010EF04E865 /* UsageModels.swift */ = {isa = PBXFileReference; includeInIndex = 1; lastKnownFileType = sourcecode.swift; path = UsageModels.swift; sourceTree = "<group>"; };
		F134823C9A2473E5B2471645 /* ChromeProfiles.swift */ = {isa = PBXFileReference; includeInIndex = 1; lastKnownFileType = sourcecode.swift; name = ChromeProfiles.swift; path = Services/ChromeProfiles.swift; sourceTree = "<group>"; };
		F61FC22548D523BCB8F4FA56 /* CodexUsageViewerSettingsView.swift */ = {isa = PBXFileReference; includeInIndex = 1; lastKnownFileType = sourcecode.swift; name = CodexUsageViewerSettingsView.swift; path = Views/CodexUsageViewerSettingsView.swift; sourceTree = "<group>"; };
		FAFEB810903E76AB1EE5E321 /* CodexUsageViewerUITests.swift */ = {isa = PBXFileReference; includeInIndex = 1; lastKnownFileType = sourcecode.swift; name = CodexUsageViewerUITests.swift; path = UI/CodexUsageViewerUITests.swift; sourceTree = "<group>"; };
/* End PBXFileReference section */

/* Begin PBXFrameworksBuildPhase section */
		91EA7AAB3DD3E6E2C6C5DB87 /* Frameworks */ = {
			isa = PBXFrameworksBuildPhase;
			buildActionMask = 2147483647;
			files = (
				B97087AC859ADE14BBDA86EB /* Cocoa.framework in Frameworks */,
			);
			runOnlyForDeploymentPostprocessing = 0;
		};
		9F99AC7E449471DEA522E07E /* Frameworks */ = {
			isa = PBXFrameworksBuildPhase;
			buildActionMask = 2147483647;
			files = (
				52959D685B23279319CE578D /* Cocoa.framework in Frameworks */,
			);
			runOnlyForDeploymentPostprocessing = 0;
		};
		F534FD982AA0A8FFD8AB0339 /* Frameworks */ = {
			isa = PBXFrameworksBuildPhase;
			buildActionMask = 2147483647;
			files = (
				9E51907BA01E0CE547C37AB5 /* Cocoa.framework in Frameworks */,
			);
			runOnlyForDeploymentPostprocessing = 0;
		};
/* End PBXFrameworksBuildPhase section */

/* Begin PBXGroup section */
		08A7485A31BEF5693B450DF0 /* CodexUsageViewer */ = {
			isa = PBXGroup;
			children = (
				198ECF966B13BD74476D8A8D /* CodexUsageViewerApp.swift */,
				5E21B1B49C1FE62E33E7EA22 /* CodexUsageViewerStore.swift */,
				F134823C9A2473E5B2471645 /* ChromeProfiles.swift */,
				A41176CCAFB2925879ED2568 /* CodexConnection.swift */,
				3D43C6D966543305E5469E95 /* CodexRPCFramer.swift */,
				F61FC22548D523BCB8F4FA56 /* CodexUsageViewerSettingsView.swift */,
				C06A4E874ECFCBA19B5491DD /* ConnectionSheet.swift */,
				91017818391E5E8FAC411D33 /* DashboardView.swift */,
				8C5FF02B72FA76CFA8506B22 /* Assets.xcassets */,
			);
			name = CodexUsageViewer;
			path = CodexUsageViewer;
			sourceTree = "<group>";
		};
		4031D2066060C67AD53F616A /* Products */ = {
			isa = PBXGroup;
			children = (
				5298CEF90B06E9F6442F89D3 /* CodexUsageViewer.app */,
				0C7F04ECB129EE6D9C72F02D /* CodexUsageViewerWidget.appex */,
				5B09617CF468098EDB7BD59B /* CodexUsageViewerUITests.xctest */,
			);
			name = Products;
			sourceTree = "<group>";
		};
		45279637D8A516148FFC09E8 /* Config */ = {
			isa = PBXGroup;
			children = (
				B3241584E51BE052E2491B95 /* CodexUsageViewer-Info.plist */,
				6B0F26A5DDA8DA1B844AA352 /* CodexUsageViewer.entitlements */,
				1F70C0861AA4F2E280A72072 /* CodexUsageViewerWidget-Info.plist */,
				782898EF800066FBD6D0BBA7 /* CodexUsageViewerWidget.entitlements */,
			);
			name = Config;
			path = Config;
			sourceTree = "<group>";
		};
		65AF267ED0072B44E6B81C54 = {
			isa = PBXGroup;
			children = (
				4031D2066060C67AD53F616A /* Products */,
				B6589FEAA56479D8674F0679 /* Frameworks */,
				08A7485A31BEF5693B450DF0 /* CodexUsageViewer */,
				DD69456C6FEEFCC310E03320 /* Shared */,
				EE7B070A40E3A99E1FD42BF5 /* CodexUsageViewerWidget */,
				45279637D8A516148FFC09E8 /* Config */,
				956E5427534E2E8EE70D0DC1 /* Tests */,
			);
			sourceTree = "<group>";
		};
		6F09250F656DB727721634BA /* OS X */ = {
			isa = PBXGroup;
			children = (
				6A0836D91BC90BD5D51EBCE3 /* Cocoa.framework */,
			);
			name = "OS X";
			sourceTree = "<group>";
		};
		956E5427534E2E8EE70D0DC1 /* Tests */ = {
			isa = PBXGroup;
			children = (
				FAFEB810903E76AB1EE5E321 /* CodexUsageViewerUITests.swift */,
			);
			name = Tests;
			path = Tests;
			sourceTree = "<group>";
		};
		B6589FEAA56479D8674F0679 /* Frameworks */ = {
			isa = PBXGroup;
			children = (
				6F09250F656DB727721634BA /* OS X */,
			);
			name = Frameworks;
			sourceTree = "<group>";
		};
		DD69456C6FEEFCC310E03320 /* Shared */ = {
			isa = PBXGroup;
			children = (
				49FBC7A6339936B56AFB3FD0 /* CodexUsageViewerStyle.swift */,
				251B13BD91868DD49D930BAC /* CodexUsageViewerVersion.swift */,
				4E73D24D8B5757A320E1856F /* SharedSnapshotStore.swift */,
				EDDDAA37721A1010EF04E865 /* UsageModels.swift */,
				A8030A2EACE0A124AF67C30A /* WeeklyUsage.swift */,
			);
			name = Shared;
			path = Shared;
			sourceTree = "<group>";
		};
		EE7B070A40E3A99E1FD42BF5 /* CodexUsageViewerWidget */ = {
			isa = PBXGroup;
			children = (
				B4B2C8581297946DE0FEBDF0 /* CodexUsageViewerWidget.swift */,
				C2CC0817D1F9CE835502548C /* CodexUsageViewerWidgetContent.swift */,
			);
			name = CodexUsageViewerWidget;
			path = CodexUsageViewerWidget;
			sourceTree = "<group>";
		};
/* End PBXGroup section */

/* Begin PBXNativeTarget section */
		3A5FF026466E45FAEFB05328 /* CodexUsageViewer */ = {
			isa = PBXNativeTarget;
			buildConfigurationList = 2C6CB44584408CBA65E18D70 /* Build configuration list for PBXNativeTarget "CodexUsageViewer" */;
			buildPhases = (
				10028CCA1F0181BA43638842 /* Sources */,
				9F99AC7E449471DEA522E07E /* Frameworks */,
				78ACE65AE4BF975B2EDEA373 /* Resources */,
				D601C3DABE76F5C312516A5C /* Embed App Extensions */,
				70E5BB7B27EF70729EFE06AB /* Derive version from Git */,
			);
			buildRules = (
			);
			dependencies = (
				9B7821194002C2C47B6B6164 /* PBXTargetDependency */,
			);
			name = CodexUsageViewer;
			productName = CodexUsageViewer;
			productReference = 5298CEF90B06E9F6442F89D3 /* CodexUsageViewer.app */;
			productType = "com.apple.product-type.application";
		};
		4FF7BD07B8AA24F8444F32BF /* CodexUsageViewerUITests */ = {
			isa = PBXNativeTarget;
			buildConfigurationList = 06763CC5BC3D53DC0ACBCE53 /* Build configuration list for PBXNativeTarget "CodexUsageViewerUITests" */;
			buildPhases = (
				87075554CB1EB16DAB7B2EF5 /* Sources */,
				F534FD982AA0A8FFD8AB0339 /* Frameworks */,
				00E49ACDED6175F4D6227170 /* Resources */,
			);
			buildRules = (
			);
			dependencies = (
				C4BC2260B658024E2B12B996 /* PBXTargetDependency */,
			);
			name = CodexUsageViewerUITests;
			productName = CodexUsageViewerUITests;
			productReference = 5B09617CF468098EDB7BD59B /* CodexUsageViewerUITests.xctest */;
			productType = "com.apple.product-type.bundle.ui-testing";
		};
		5823EAE9411604E2480B94E0 /* CodexUsageViewerWidget */ = {
			isa = PBXNativeTarget;
			buildConfigurationList = C3EAA67E698F45F368A73DDD /* Build configuration list for PBXNativeTarget "CodexUsageViewerWidget" */;
			buildPhases = (
				DD894030D6AF2FADB20B945C /* Sources */,
				91EA7AAB3DD3E6E2C6C5DB87 /* Frameworks */,
				9E89E9DA7D45397DABA27C13 /* Resources */,
				75A4FDF9922D5207BA13A802 /* Derive version from Git */,
			);
			buildRules = (
			);
			dependencies = (
			);
			name = CodexUsageViewerWidget;
			productName = CodexUsageViewerWidget;
			productReference = 0C7F04ECB129EE6D9C72F02D /* CodexUsageViewerWidget.appex */;
			productType = "com.apple.product-type.app-extension";
		};
/* End PBXNativeTarget section */

/* Begin PBXProject section */
		817FACBC16BD5F20E1A959E4 /* Project object */ = {
			isa = PBXProject;
			attributes = {
				LastSwiftUpdateCheck = 1600;
				LastUpgradeCheck = 2700;
			};
			buildConfigurationList = 752E438393F366BC41F76BF9 /* Build configuration list for PBXProject "CodexUsageViewer" */;
			compatibilityVersion = "Xcode 3.2";
			developmentRegion = en;
			hasScannedForEncodings = 0;
			knownRegions = (
				en,
				Base,
			);
			mainGroup = 65AF267ED0072B44E6B81C54;
			minimizedProjectReferenceProxies = 0;
			preferredProjectObjectVersion = 77;
			productRefGroup = 4031D2066060C67AD53F616A /* Products */;
			projectDirPath = "";
			projectRoot = "";
			targets = (
				3A5FF026466E45FAEFB05328 /* CodexUsageViewer */,
				5823EAE9411604E2480B94E0 /* CodexUsageViewerWidget */,
				4FF7BD07B8AA24F8444F32BF /* CodexUsageViewerUITests */,
			);
		};
/* End PBXProject section */

/* Begin PBXResourcesBuildPhase section */
		00E49ACDED6175F4D6227170 /* Resources */ = {
			isa = PBXResourcesBuildPhase;
			buildActionMask = 2147483647;
			files = (
			);
			runOnlyForDeploymentPostprocessing = 0;
		};
		78ACE65AE4BF975B2EDEA373 /* Resources */ = {
			isa = PBXResourcesBuildPhase;
			buildActionMask = 2147483647;
			files = (
				45CC9D1A1BEB6F638FB9B886 /* Assets.xcassets in Resources */,
			);
			runOnlyForDeploymentPostprocessing = 0;
		};
		9E89E9DA7D45397DABA27C13 /* Resources */ = {
			isa = PBXResourcesBuildPhase;
			buildActionMask = 2147483647;
			files = (
			);
			runOnlyForDeploymentPostprocessing = 0;
		};
/* End PBXResourcesBuildPhase section */

/* Begin PBXShellScriptBuildPhase section */
		70E5BB7B27EF70729EFE06AB /* Derive version from Git */ = {
			isa = PBXShellScriptBuildPhase;
			alwaysOutOfDate = 1;
			buildActionMask = 2147483647;
			files = (
			);
			inputFileListPaths = (
			);
			inputPaths = (
				"$(TARGET_BUILD_DIR)/$(INFOPLIST_PATH)",
			);
			name = "Derive version from Git";
			outputFileListPaths = (
			);
			outputPaths = (
				"$(TARGET_BUILD_DIR)/$(UNLOCALIZED_RESOURCES_FOLDER_PATH)/BuildVersion.json",
			);
			runOnlyForDeploymentPostprocessing = 0;
			shellPath = /bin/sh;
			shellScript = "python3 \"${SRCROOT}/scripts/version.py\" --write-bundle \"${TARGET_BUILD_DIR}/${WRAPPER_NAME}\"";
		};
		75A4FDF9922D5207BA13A802 /* Derive version from Git */ = {
			isa = PBXShellScriptBuildPhase;
			alwaysOutOfDate = 1;
			buildActionMask = 2147483647;
			files = (
			);
			inputFileListPaths = (
			);
			inputPaths = (
				"$(TARGET_BUILD_DIR)/$(INFOPLIST_PATH)",
			);
			name = "Derive version from Git";
			outputFileListPaths = (
			);
			outputPaths = (
				"$(TARGET_BUILD_DIR)/$(UNLOCALIZED_RESOURCES_FOLDER_PATH)/BuildVersion.json",
			);
			runOnlyForDeploymentPostprocessing = 0;
			shellPath = /bin/sh;
			shellScript = "python3 \"${SRCROOT}/scripts/version.py\" --write-bundle \"${TARGET_BUILD_DIR}/${WRAPPER_NAME}\"";
		};
/* End PBXShellScriptBuildPhase section */

/* Begin PBXSourcesBuildPhase section */
		10028CCA1F0181BA43638842 /* Sources */ = {
			isa = PBXSourcesBuildPhase;
			buildActionMask = 2147483647;
			files = (
				F1F529E80FC478873542B09E /* CodexUsageViewerApp.swift in Sources */,
				ADD8421AE9DE0AE469736BF6 /* CodexUsageViewerStore.swift in Sources */,
				ADC147A1CA30BC7270EE7EB1 /* ChromeProfiles.swift in Sources */,
				36AB3961A11605BBEEE18928 /* CodexConnection.swift in Sources */,
				42672E3C9EE3A214179AC955 /* CodexRPCFramer.swift in Sources */,
				4F7B468513587BB38876F08D /* CodexUsageViewerSettingsView.swift in Sources */,
				AD54913FF82DC38A64BF124B /* ConnectionSheet.swift in Sources */,
				CDB2C414DAAFBF813F656B21 /* DashboardView.swift in Sources */,
				5F4AB38AEA73630F838A3F5A /* CodexUsageViewerStyle.swift in Sources */,
				A42E8079683153E41E90E57A /* CodexUsageViewerVersion.swift in Sources */,
				A650AB0CCFCB14D2A21D9272 /* SharedSnapshotStore.swift in Sources */,
				28B74EFA95989424922CA416 /* UsageModels.swift in Sources */,
				FD2C85AF73808448EBF7C778 /* WeeklyUsage.swift in Sources */,
			);
			runOnlyForDeploymentPostprocessing = 0;
		};
		87075554CB1EB16DAB7B2EF5 /* Sources */ = {
			isa = PBXSourcesBuildPhase;
			buildActionMask = 2147483647;
			files = (
				4F6796D8F25B6836FAEB9048 /* CodexUsageViewerUITests.swift in Sources */,
			);
			runOnlyForDeploymentPostprocessing = 0;
		};
		DD894030D6AF2FADB20B945C /* Sources */ = {
			isa = PBXSourcesBuildPhase;
			buildActionMask = 2147483647;
			files = (
				58B2CC241AF179E746202ED4 /* CodexUsageViewerWidget.swift in Sources */,
				9DCA6E021F90AEBA8ECEB3E4 /* CodexUsageViewerWidgetContent.swift in Sources */,
				95604587633BCAF37198B585 /* CodexUsageViewerStyle.swift in Sources */,
				93BFBD17CF8C8938FED2EBFC /* CodexUsageViewerVersion.swift in Sources */,
				53934ABEB51518CA1B188B03 /* SharedSnapshotStore.swift in Sources */,
				ABAC846B165BBA94028E6C0D /* UsageModels.swift in Sources */,
				1692138CDAB886C3368620BC /* WeeklyUsage.swift in Sources */,
			);
			runOnlyForDeploymentPostprocessing = 0;
		};
/* End PBXSourcesBuildPhase section */

/* Begin PBXTargetDependency section */
		9B7821194002C2C47B6B6164 /* PBXTargetDependency */ = {
			isa = PBXTargetDependency;
			name = CodexUsageViewerWidget;
			target = 5823EAE9411604E2480B94E0 /* CodexUsageViewerWidget */;
			targetProxy = 308648AF8A104D829DEA7F08 /* PBXContainerItemProxy */;
		};
		C4BC2260B658024E2B12B996 /* PBXTargetDependency */ = {
			isa = PBXTargetDependency;
			name = CodexUsageViewer;
			target = 3A5FF026466E45FAEFB05328 /* CodexUsageViewer */;
			targetProxy = E913F7D61DCD3A8C9F344985 /* PBXContainerItemProxy */;
		};
/* End PBXTargetDependency section */

/* Begin XCBuildConfiguration section */
		088D9D3E038FDDBF3F6497DD /* Debug */ = {
			isa = XCBuildConfiguration;
			buildSettings = {
				ASSETCATALOG_COMPILER_APPICON_NAME = AppIcon;
				ASSETCATALOG_COMPILER_GLOBAL_ACCENT_COLOR_NAME = AccentColor;
				CODE_SIGN_ENTITLEMENTS = Config/CodexUsageViewer.entitlements;
				COMBINE_HIDPI_IMAGES = YES;
				INFOPLIST_FILE = "Config/CodexUsageViewer-Info.plist";
				LD_RUNPATH_SEARCH_PATHS = "$(inherited) @executable_path/../Frameworks";
				MACOSX_DEPLOYMENT_TARGET = 27.0;
				PRODUCT_BUNDLE_IDENTIFIER = com.inndevs.codexusageviewer;
				PRODUCT_NAME = "Codex Usage Viewer";
				SDKROOT = macosx;
				SWIFT_VERSION = 5.0;
			};
			name = Debug;
		};
		188ADD2F833DB8B43F38A01F /* Debug */ = {
			isa = XCBuildConfiguration;
			buildSettings = {
				CODE_SIGN_IDENTITY = "Apple Development";
				GENERATE_INFOPLIST_FILE = YES;
				MACOSX_DEPLOYMENT_TARGET = 27.0;
				PRODUCT_BUNDLE_IDENTIFIER = com.inndevs.codexusageviewer.uitests;
				SDKROOT = macosx;
				SWIFT_VERSION = 5.0;
				TEST_TARGET_NAME = CodexUsageViewer;
			};
			name = Debug;
		};
		3566CA1B0098E957E221BA5D /* Debug */ = {
			isa = XCBuildConfiguration;
			buildSettings = {
				APPLICATION_EXTENSION_API_ONLY = YES;
				CODE_SIGN_ENTITLEMENTS = Config/CodexUsageViewerWidget.entitlements;
				COMBINE_HIDPI_IMAGES = YES;
				INFOPLIST_FILE = "Config/CodexUsageViewerWidget-Info.plist";
				LD_RUNPATH_SEARCH_PATHS = "$(inherited) @executable_path/../Frameworks";
				MACOSX_DEPLOYMENT_TARGET = 27.0;
				PRODUCT_BUNDLE_IDENTIFIER = com.inndevs.codexusageviewer.widget;
				SDKROOT = macosx;
				SKIP_INSTALL = YES;
				SWIFT_VERSION = 5.0;
			};
			name = Debug;
		};
		462BBA0DB296BAF40F40F629 /* Release */ = {
			isa = XCBuildConfiguration;
			buildSettings = {
				CODE_SIGN_IDENTITY = "Apple Development";
				GENERATE_INFOPLIST_FILE = YES;
				MACOSX_DEPLOYMENT_TARGET = 27.0;
				PRODUCT_BUNDLE_IDENTIFIER = com.inndevs.codexusageviewer.uitests;
				SDKROOT = macosx;
				SWIFT_VERSION = 5.0;
				TEST_TARGET_NAME = CodexUsageViewer;
			};
			name = Release;
		};
		49BDCE2A77BFA988BB7F1918 /* Release */ = {
			isa = XCBuildConfiguration;
			buildSettings = {
				APPLICATION_EXTENSION_API_ONLY = YES;
				CODE_SIGN_ENTITLEMENTS = Config/CodexUsageViewerWidget.entitlements;
				COMBINE_HIDPI_IMAGES = YES;
				INFOPLIST_FILE = "Config/CodexUsageViewerWidget-Info.plist";
				LD_RUNPATH_SEARCH_PATHS = "$(inherited) @executable_path/../Frameworks";
				MACOSX_DEPLOYMENT_TARGET = 27.0;
				PRODUCT_BUNDLE_IDENTIFIER = com.inndevs.codexusageviewer.widget;
				SDKROOT = macosx;
				SKIP_INSTALL = YES;
				SWIFT_VERSION = 5.0;
			};
			name = Release;
		};
		6EA5A064734C7BEEA882B261 /* Release */ = {
			isa = XCBuildConfiguration;
			buildSettings = {
				ASSETCATALOG_COMPILER_APPICON_NAME = AppIcon;
				ASSETCATALOG_COMPILER_GLOBAL_ACCENT_COLOR_NAME = AccentColor;
				CODE_SIGN_ENTITLEMENTS = Config/CodexUsageViewer.entitlements;
				COMBINE_HIDPI_IMAGES = YES;
				INFOPLIST_FILE = "Config/CodexUsageViewer-Info.plist";
				LD_RUNPATH_SEARCH_PATHS = "$(inherited) @executable_path/../Frameworks";
				MACOSX_DEPLOYMENT_TARGET = 27.0;
				PRODUCT_BUNDLE_IDENTIFIER = com.inndevs.codexusageviewer;
				PRODUCT_NAME = "Codex Usage Viewer";
				SDKROOT = macosx;
				SWIFT_VERSION = 5.0;
			};
			name = Release;
		};
		C3C247F2B1604367D573FA0F /* Debug */ = {
			isa = XCBuildConfiguration;
			buildSettings = {
				ALWAYS_SEARCH_USER_PATHS = NO;
				CLANG_ANALYZER_NONNULL = YES;
				CLANG_ANALYZER_NUMBER_OBJECT_CONVERSION = YES_AGGRESSIVE;
				CLANG_CXX_LANGUAGE_STANDARD = "gnu++14";
				CLANG_CXX_LIBRARY = "libc++";
				CLANG_ENABLE_MODULES = YES;
				CLANG_ENABLE_OBJC_ARC = YES;
				CLANG_ENABLE_OBJC_WEAK = YES;
				CLANG_WARN_BLOCK_CAPTURE_AUTORELEASING = YES;
				CLANG_WARN_BOOL_CONVERSION = YES;
				CLANG_WARN_COMMA = YES;
				CLANG_WARN_CONSTANT_CONVERSION = YES;
				CLANG_WARN_DEPRECATED_OBJC_IMPLEMENTATIONS = YES;
				CLANG_WARN_DIRECT_OBJC_ISA_USAGE = YES_ERROR;
				CLANG_WARN_DOCUMENTATION_COMMENTS = YES;
				CLANG_WARN_EMPTY_BODY = YES;
				CLANG_WARN_ENUM_CONVERSION = YES;
				CLANG_WARN_INFINITE_RECURSION = YES;
				CLANG_WARN_INT_CONVERSION = YES;
				CLANG_WARN_NON_LITERAL_NULL_CONVERSION = YES;
				CLANG_WARN_OBJC_IMPLICIT_RETAIN_SELF = YES;
				CLANG_WARN_OBJC_LITERAL_CONVERSION = YES;
				CLANG_WARN_OBJC_ROOT_CLASS = YES_ERROR;
				CLANG_WARN_QUOTED_INCLUDE_IN_FRAMEWORK_HEADER = YES;
				CLANG_WARN_RANGE_LOOP_ANALYSIS = YES;
				CLANG_WARN_STRICT_PROTOTYPES = YES;
				CLANG_WARN_SUSPICIOUS_MOVE = YES;
				CLANG_WARN_UNGUARDED_AVAILABILITY = YES_AGGRESSIVE;
				CLANG_WARN_UNREACHABLE_CODE = YES;
				CLANG_WARN__DUPLICATE_METHOD_MATCH = YES;
				CODE_SIGN_IDENTITY = "Developer ID Application";
				CODE_SIGN_STYLE = Manual;
				COPY_PHASE_STRIP = NO;
				CURRENT_PROJECT_VERSION = 1;
				DEBUG_INFORMATION_FORMAT = dwarf;
				DEVELOPMENT_TEAM = AW7ZNT442J;
				ENABLE_HARDENED_RUNTIME = YES;
				ENABLE_STRICT_OBJC_MSGSEND = YES;
				ENABLE_TESTABILITY = YES;
				ENABLE_USER_SCRIPT_SANDBOXING = NO;
				GCC_C_LANGUAGE_STANDARD = gnu11;
				GCC_DYNAMIC_NO_PIC = NO;
				GCC_NO_COMMON_BLOCKS = YES;
				GCC_OPTIMIZATION_LEVEL = 0;
				GCC_PREPROCESSOR_DEFINITIONS = (
					"DEBUG=1",
					"$(inherited)",
				);
				GCC_WARN_64_TO_32_BIT_CONVERSION = YES;
				GCC_WARN_ABOUT_RETURN_TYPE = YES_ERROR;
				GCC_WARN_UNDECLARED_SELECTOR = YES;
				GCC_WARN_UNINITIALIZED_AUTOS = YES_AGGRESSIVE;
				GCC_WARN_UNUSED_FUNCTION = YES;
				GCC_WARN_UNUSED_VARIABLE = YES;
				GENERATE_INFOPLIST_FILE = NO;
				MACOSX_DEPLOYMENT_TARGET = 27.0;
				MARKETING_VERSION = 1.0;
				MTL_ENABLE_DEBUG_INFO = INCLUDE_SOURCE;
				MTL_FAST_MATH = YES;
				ONLY_ACTIVE_ARCH = YES;
				PRODUCT_NAME = "$(TARGET_NAME)";
				SWIFT_ACTIVE_COMPILATION_CONDITIONS = DEBUG;
				SWIFT_EMIT_LOC_STRINGS = YES;
				SWIFT_OPTIMIZATION_LEVEL = "-Onone";
				SWIFT_STRICT_CONCURRENCY = complete;
				SWIFT_VERSION = 5.0;
			};
			name = Debug;
		};
		EB106FF5D5EABFCDB6D91ACE /* Release */ = {
			isa = XCBuildConfiguration;
			buildSettings = {
				ALWAYS_SEARCH_USER_PATHS = NO;
				CLANG_ANALYZER_NONNULL = YES;
				CLANG_ANALYZER_NUMBER_OBJECT_CONVERSION = YES_AGGRESSIVE;
				CLANG_CXX_LANGUAGE_STANDARD = "gnu++14";
				CLANG_CXX_LIBRARY = "libc++";
				CLANG_ENABLE_MODULES = YES;
				CLANG_ENABLE_OBJC_ARC = YES;
				CLANG_ENABLE_OBJC_WEAK = YES;
				CLANG_WARN_BLOCK_CAPTURE_AUTORELEASING = YES;
				CLANG_WARN_BOOL_CONVERSION = YES;
				CLANG_WARN_COMMA = YES;
				CLANG_WARN_CONSTANT_CONVERSION = YES;
				CLANG_WARN_DEPRECATED_OBJC_IMPLEMENTATIONS = YES;
				CLANG_WARN_DIRECT_OBJC_ISA_USAGE = YES_ERROR;
				CLANG_WARN_DOCUMENTATION_COMMENTS = YES;
				CLANG_WARN_EMPTY_BODY = YES;
				CLANG_WARN_ENUM_CONVERSION = YES;
				CLANG_WARN_INFINITE_RECURSION = YES;
				CLANG_WARN_INT_CONVERSION = YES;
				CLANG_WARN_NON_LITERAL_NULL_CONVERSION = YES;
				CLANG_WARN_OBJC_IMPLICIT_RETAIN_SELF = YES;
				CLANG_WARN_OBJC_LITERAL_CONVERSION = YES;
				CLANG_WARN_OBJC_ROOT_CLASS = YES_ERROR;
				CLANG_WARN_QUOTED_INCLUDE_IN_FRAMEWORK_HEADER = YES;
				CLANG_WARN_RANGE_LOOP_ANALYSIS = YES;
				CLANG_WARN_STRICT_PROTOTYPES = YES;
				CLANG_WARN_SUSPICIOUS_MOVE = YES;
				CLANG_WARN_UNGUARDED_AVAILABILITY = YES_AGGRESSIVE;
				CLANG_WARN_UNREACHABLE_CODE = YES;
				CLANG_WARN__DUPLICATE_METHOD_MATCH = YES;
				CODE_SIGN_IDENTITY = "Developer ID Application";
				CODE_SIGN_STYLE = Manual;
				COPY_PHASE_STRIP = NO;
				CURRENT_PROJECT_VERSION = 1;
				DEBUG_INFORMATION_FORMAT = "dwarf-with-dsym";
				DEVELOPMENT_TEAM = AW7ZNT442J;
				ENABLE_HARDENED_RUNTIME = YES;
				ENABLE_NS_ASSERTIONS = NO;
				ENABLE_STRICT_OBJC_MSGSEND = YES;
				ENABLE_USER_SCRIPT_SANDBOXING = NO;
				GCC_C_LANGUAGE_STANDARD = gnu11;
				GCC_NO_COMMON_BLOCKS = YES;
				GCC_WARN_64_TO_32_BIT_CONVERSION = YES;
				GCC_WARN_ABOUT_RETURN_TYPE = YES_ERROR;
				GCC_WARN_UNDECLARED_SELECTOR = YES;
				GCC_WARN_UNINITIALIZED_AUTOS = YES_AGGRESSIVE;
				GCC_WARN_UNUSED_FUNCTION = YES;
				GCC_WARN_UNUSED_VARIABLE = YES;
				GENERATE_INFOPLIST_FILE = NO;
				MACOSX_DEPLOYMENT_TARGET = 27.0;
				MARKETING_VERSION = 1.0;
				MTL_ENABLE_DEBUG_INFO = NO;
				MTL_FAST_MATH = YES;
				PRODUCT_NAME = "$(TARGET_NAME)";
				SWIFT_COMPILATION_MODE = wholemodule;
				SWIFT_EMIT_LOC_STRINGS = YES;
				SWIFT_OPTIMIZATION_LEVEL = "-O";
				SWIFT_STRICT_CONCURRENCY = complete;
				SWIFT_VERSION = 5.0;
			};
			name = Release;
		};
/* End XCBuildConfiguration section */

/* Begin XCConfigurationList section */
		06763CC5BC3D53DC0ACBCE53 /* Build configuration list for PBXNativeTarget "CodexUsageViewerUITests" */ = {
			isa = XCConfigurationList;
			buildConfigurations = (
				462BBA0DB296BAF40F40F629 /* Release */,
				188ADD2F833DB8B43F38A01F /* Debug */,
			);
			defaultConfigurationIsVisible = 0;
			defaultConfigurationName = Release;
		};
		2C6CB44584408CBA65E18D70 /* Build configuration list for PBXNativeTarget "CodexUsageViewer" */ = {
			isa = XCConfigurationList;
			buildConfigurations = (
				6EA5A064734C7BEEA882B261 /* Release */,
				088D9D3E038FDDBF3F6497DD /* Debug */,
			);
			defaultConfigurationIsVisible = 0;
			defaultConfigurationName = Release;
		};
		752E438393F366BC41F76BF9 /* Build configuration list for PBXProject "CodexUsageViewer" */ = {
			isa = XCConfigurationList;
			buildConfigurations = (
				C3C247F2B1604367D573FA0F /* Debug */,
				EB106FF5D5EABFCDB6D91ACE /* Release */,
			);
			defaultConfigurationIsVisible = 0;
			defaultConfigurationName = Release;
		};
		C3EAA67E698F45F368A73DDD /* Build configuration list for PBXNativeTarget "CodexUsageViewerWidget" */ = {
			isa = XCConfigurationList;
			buildConfigurations = (
				49BDCE2A77BFA988BB7F1918 /* Release */,
				3566CA1B0098E957E221BA5D /* Debug */,
			);
			defaultConfigurationIsVisible = 0;
			defaultConfigurationName = Release;
		};
/* End XCConfigurationList section */
	};
	rootObject = 817FACBC16BD5F20E1A959E4 /* Project object */;
}
