// !$*UTF8*$!
{
	archiveVersion = 1;
	classes = {
	};
	objectVersion = 46;
	objects = {

/* Begin PBXBuildFile section */
		03B55317FA1E004AC906140C /* CodexUsageViewerSettingsView.swift in Sources */ = {isa = PBXBuildFile; fileRef = 1304667B30FDFCA64E111A1A /* CodexUsageViewerSettingsView.swift */; };
		0E19DAB721C3A86687E37D83 /* CodexUsageViewerStyle.swift in Sources */ = {isa = PBXBuildFile; fileRef = E20A1D5EBE4A64A77AA6233F /* CodexUsageViewerStyle.swift */; };
		12C9422C6F7BEDA8B16F7CDF /* CodexConnection.swift in Sources */ = {isa = PBXBuildFile; fileRef = 1DCD985B373C03D8B2D99924 /* CodexConnection.swift */; };
		14CAA682A560861FF9F9264A /* ChromeProfiles.swift in Sources */ = {isa = PBXBuildFile; fileRef = 93E4479693C06F38795DD56B /* ChromeProfiles.swift */; };
		1A37216094AA03DE9D0A70C8 /* Cocoa.framework in Frameworks */ = {isa = PBXBuildFile; fileRef = 99B8CDDBBF0B8E13001F570E /* Cocoa.framework */; };
		1BC922033AE4922CE03B6CCE /* CodexUsageViewerStyle.swift in Sources */ = {isa = PBXBuildFile; fileRef = E20A1D5EBE4A64A77AA6233F /* CodexUsageViewerStyle.swift */; };
		1D243E2607161EFF634A719E /* ConnectionSheet.swift in Sources */ = {isa = PBXBuildFile; fileRef = E15F185B11D509A339430260 /* ConnectionSheet.swift */; };
		27D28B25CDE2272CA3820171 /* UsageModels.swift in Sources */ = {isa = PBXBuildFile; fileRef = A0040A1DBD94B6740EEDCE8F /* UsageModels.swift */; };
		298D960925A5927926377764 /* CodexRPCFramer.swift in Sources */ = {isa = PBXBuildFile; fileRef = 7634C43CEADB790B38FD6C5D /* CodexRPCFramer.swift */; };
		2E9F86480CE917A61FB81079 /* Cocoa.framework in Frameworks */ = {isa = PBXBuildFile; fileRef = 99B8CDDBBF0B8E13001F570E /* Cocoa.framework */; };
		4207833C6872C8EC4039DC39 /* CodexConnection.swift in Sources */ = {isa = PBXBuildFile; fileRef = 1DCD985B373C03D8B2D99924 /* CodexConnection.swift */; };
		4304827745BC5F8637CDCA68 /* Cocoa.framework in Frameworks */ = {isa = PBXBuildFile; fileRef = 99B8CDDBBF0B8E13001F570E /* Cocoa.framework */; };
		475E7EFD778FFF2AB005FD18 /* DashboardView.swift in Sources */ = {isa = PBXBuildFile; fileRef = CC7379B69978208E82113553 /* DashboardView.swift */; };
		563680962E288E2ECAEFD394 /* CodexUsageViewerHelper in Embed Background Helper */ = {isa = PBXBuildFile; fileRef = B5724214063AE85214D845A3 /* CodexUsageViewerHelper */; settings = {ATTRIBUTES = (CodeSignOnCopy, ); }; };
		57A9D84F705CD8974DC73D2D /* CodexUsageViewerVersion.swift in Sources */ = {isa = PBXBuildFile; fileRef = DE1BF1AE359A9D32AD7F3B8B /* CodexUsageViewerVersion.swift */; };
		599E2922D98B23EAFEAB35ED /* CodexUsageViewerVersion.swift in Sources */ = {isa = PBXBuildFile; fileRef = DE1BF1AE359A9D32AD7F3B8B /* CodexUsageViewerVersion.swift */; };
		5C4B209B865658A84FA71717 /* WeeklyUsage.swift in Sources */ = {isa = PBXBuildFile; fileRef = CAE20F9FA926CFFD1964AC53 /* WeeklyUsage.swift */; };
		5E8061E2B473C61030BD6F82 /* WeeklyUsage.swift in Sources */ = {isa = PBXBuildFile; fileRef = CAE20F9FA926CFFD1964AC53 /* WeeklyUsage.swift */; };
		6145AD62460A8DE0C25ACC76 /* CodexUsageViewerWidget.appex in Embed App Extensions */ = {isa = PBXBuildFile; fileRef = 09FB0F14B109348A1799FF88 /* CodexUsageViewerWidget.appex */; settings = {ATTRIBUTES = (RemoveHeadersOnCopy, ); }; };
		62CD1E4817A23A248081F5DA /* CodexUsageViewerWidgetContent.swift in Sources */ = {isa = PBXBuildFile; fileRef = E37125790EA2731F84689EAA /* CodexUsageViewerWidgetContent.swift */; };
		646D336E753EE4107DCBA852 /* UsageModels.swift in Sources */ = {isa = PBXBuildFile; fileRef = A0040A1DBD94B6740EEDCE8F /* UsageModels.swift */; };
		690C542B396AA014C9EFEDA4 /* com.inndevs.codexusageviewer.helper.plist in Embed Launch Agent */ = {isa = PBXBuildFile; fileRef = AEF23EECA480EC2DCBD311DD /* com.inndevs.codexusageviewer.helper.plist */; };
		6B409805C69A36C361EBE228 /* CodexUsageViewerStyle.swift in Sources */ = {isa = PBXBuildFile; fileRef = E20A1D5EBE4A64A77AA6233F /* CodexUsageViewerStyle.swift */; };
		704726FD804FEF267AAC1BCB /* CodexUsageViewerWidget.swift in Sources */ = {isa = PBXBuildFile; fileRef = FB5363115836C276DF2B89B2 /* CodexUsageViewerWidget.swift */; };
		74BA8C3E7E2C65272D4052E9 /* CodexUsageViewerStore.swift in Sources */ = {isa = PBXBuildFile; fileRef = 2A2B2AE8AA0243A5D3104545 /* CodexUsageViewerStore.swift */; };
		7DCDF9DAAE6CD04B4BD9BE9B /* WeeklyUsage.swift in Sources */ = {isa = PBXBuildFile; fileRef = CAE20F9FA926CFFD1964AC53 /* WeeklyUsage.swift */; };
		8C515EB450F86BC81E60C3FF /* CodexUsageViewerUITests.swift in Sources */ = {isa = PBXBuildFile; fileRef = 89FAA53786A02A3EF4D3BEE7 /* CodexUsageViewerUITests.swift */; };
		91439C822E0E01C61CA2B3AC /* BackgroundIPC.swift in Sources */ = {isa = PBXBuildFile; fileRef = 27D905BDF7E41F4B310EA4CE /* BackgroundIPC.swift */; };
		998D5830CCB2D24B987D9EBE /* UsageModels.swift in Sources */ = {isa = PBXBuildFile; fileRef = A0040A1DBD94B6740EEDCE8F /* UsageModels.swift */; };
		9BBC535CB8C86D9EC0ACA0B5 /* BackgroundServiceRegistration.swift in Sources */ = {isa = PBXBuildFile; fileRef = 33486468499E2400D4C4200A /* BackgroundServiceRegistration.swift */; };
		AAE28F3F5D318451AE296A76 /* CodexRPCFramer.swift in Sources */ = {isa = PBXBuildFile; fileRef = 7634C43CEADB790B38FD6C5D /* CodexRPCFramer.swift */; };
		B14CB8F81D0C899F7438D685 /* SharedSnapshotStore.swift in Sources */ = {isa = PBXBuildFile; fileRef = 5171421CF41BFAE9CCF3D1A2 /* SharedSnapshotStore.swift */; };
		B51522A237DE48BF1884F3EF /* CodexUsageViewerVersion.swift in Sources */ = {isa = PBXBuildFile; fileRef = DE1BF1AE359A9D32AD7F3B8B /* CodexUsageViewerVersion.swift */; };
		C4EB5AE101BC5E2E0808EC81 /* SharedSnapshotStore.swift in Sources */ = {isa = PBXBuildFile; fileRef = 5171421CF41BFAE9CCF3D1A2 /* SharedSnapshotStore.swift */; };
		CC37C1A282330123A693999B /* SharedSnapshotStore.swift in Sources */ = {isa = PBXBuildFile; fileRef = 5171421CF41BFAE9CCF3D1A2 /* SharedSnapshotStore.swift */; };
		D30B1257B2B01A3E14CBA9E8 /* BackgroundIPC.swift in Sources */ = {isa = PBXBuildFile; fileRef = 27D905BDF7E41F4B310EA4CE /* BackgroundIPC.swift */; };
		D348CE363FFEA87B8270BFEE /* Assets.xcassets in Resources */ = {isa = PBXBuildFile; fileRef = 1263B823242736A4DAB794F9 /* Assets.xcassets */; };
		D4062778982411AAFE352B7B /* HelperMain.swift in Sources */ = {isa = PBXBuildFile; fileRef = C0716920D19DD6D3639F40C4 /* HelperMain.swift */; };
		E15E6CAEECF36CC995AEEB08 /* BackgroundServiceRegistration.swift in Sources */ = {isa = PBXBuildFile; fileRef = 33486468499E2400D4C4200A /* BackgroundServiceRegistration.swift */; };
		E161511F7E0E83A9E740C9AD /* Cocoa.framework in Frameworks */ = {isa = PBXBuildFile; fileRef = 99B8CDDBBF0B8E13001F570E /* Cocoa.framework */; };
		E96982E8FE371D6F0DA3B6C5 /* CodexUsageViewerApp.swift in Sources */ = {isa = PBXBuildFile; fileRef = D1384E2570ED224C8C41AC97 /* CodexUsageViewerApp.swift */; };
		F65116DB49F8A25751E8AD32 /* CodexUsageViewerStore.swift in Sources */ = {isa = PBXBuildFile; fileRef = 2A2B2AE8AA0243A5D3104545 /* CodexUsageViewerStore.swift */; };
		F9FCA6D16411DF4ABBFA6ACF /* ChromeProfiles.swift in Sources */ = {isa = PBXBuildFile; fileRef = 93E4479693C06F38795DD56B /* ChromeProfiles.swift */; };
/* End PBXBuildFile section */

/* Begin PBXContainerItemProxy section */
		AECCE2AD706BDAE0104B6D7A /* PBXContainerItemProxy */ = {
			isa = PBXContainerItemProxy;
			containerPortal = B233123647BC784FB87AA2D4 /* Project object */;
			proxyType = 1;
			remoteGlobalIDString = B6BC1D831EDD003471672E1F;
			remoteInfo = CodexUsageViewerWidget;
		};
		D0A350DFF89B4A241281B38B /* PBXContainerItemProxy */ = {
			isa = PBXContainerItemProxy;
			containerPortal = B233123647BC784FB87AA2D4 /* Project object */;
			proxyType = 1;
			remoteGlobalIDString = 1E4E7986F2E39509528D2E7C;
			remoteInfo = CodexUsageViewer;
		};
		D60CD5AED3AE06A89A9B6729 /* PBXContainerItemProxy */ = {
			isa = PBXContainerItemProxy;
			containerPortal = B233123647BC784FB87AA2D4 /* Project object */;
			proxyType = 1;
			remoteGlobalIDString = 786AA70BA23539CEBC767FC6;
			remoteInfo = CodexUsageViewerHelper;
		};
/* End PBXContainerItemProxy section */

/* Begin PBXCopyFilesBuildPhase section */
		2FDB4F8A24CC1F4867BDEED3 /* Embed Background Helper */ = {
			isa = PBXCopyFilesBuildPhase;
			buildActionMask = 2147483647;
			dstPath = "";
			dstSubfolderSpec = 6;
			files = (
				563680962E288E2ECAEFD394 /* CodexUsageViewerHelper in Embed Background Helper */,
			);
			name = "Embed Background Helper";
			runOnlyForDeploymentPostprocessing = 0;
		};
		B56E7665087BFFCCB785E3CF /* Embed Launch Agent */ = {
			isa = PBXCopyFilesBuildPhase;
			buildActionMask = 2147483647;
			dstPath = Contents/Library/LaunchAgents;
			dstSubfolderSpec = 1;
			files = (
				690C542B396AA014C9EFEDA4 /* com.inndevs.codexusageviewer.helper.plist in Embed Launch Agent */,
			);
			name = "Embed Launch Agent";
			runOnlyForDeploymentPostprocessing = 0;
		};
		D8DF149D3DFE506087652D16 /* Embed App Extensions */ = {
			isa = PBXCopyFilesBuildPhase;
			buildActionMask = 2147483647;
			dstPath = "";
			dstSubfolderSpec = 13;
			files = (
				6145AD62460A8DE0C25ACC76 /* CodexUsageViewerWidget.appex in Embed App Extensions */,
			);
			name = "Embed App Extensions";
			runOnlyForDeploymentPostprocessing = 0;
		};
/* End PBXCopyFilesBuildPhase section */

/* Begin PBXFileReference section */
		09FB0F14B109348A1799FF88 /* CodexUsageViewerWidget.appex */ = {isa = PBXFileReference; explicitFileType = "wrapper.app-extension"; includeInIndex = 0; path = CodexUsageViewerWidget.appex; sourceTree = BUILT_PRODUCTS_DIR; };
		1263B823242736A4DAB794F9 /* Assets.xcassets */ = {isa = PBXFileReference; includeInIndex = 1; lastKnownFileType = folder.assetcatalog; path = Assets.xcassets; sourceTree = "<group>"; };
		12C14B0A43AECC8EF3623BCC /* CodexUsageViewer.app */ = {isa = PBXFileReference; explicitFileType = wrapper.application; includeInIndex = 0; path = CodexUsageViewer.app; sourceTree = BUILT_PRODUCTS_DIR; };
		1304667B30FDFCA64E111A1A /* CodexUsageViewerSettingsView.swift */ = {isa = PBXFileReference; includeInIndex = 1; lastKnownFileType = sourcecode.swift; name = CodexUsageViewerSettingsView.swift; path = Views/CodexUsageViewerSettingsView.swift; sourceTree = "<group>"; };
		1B519D6574EE902073BC6D17 /* CodexUsageViewer-Info.plist */ = {isa = PBXFileReference; includeInIndex = 1; lastKnownFileType = text.plist.xml; path = "CodexUsageViewer-Info.plist"; sourceTree = "<group>"; };
		1DCD985B373C03D8B2D99924 /* CodexConnection.swift */ = {isa = PBXFileReference; includeInIndex = 1; lastKnownFileType = sourcecode.swift; name = CodexConnection.swift; path = Services/CodexConnection.swift; sourceTree = "<group>"; };
		27D905BDF7E41F4B310EA4CE /* BackgroundIPC.swift */ = {isa = PBXFileReference; includeInIndex = 1; lastKnownFileType = sourcecode.swift; path = BackgroundIPC.swift; sourceTree = "<group>"; };
		2A2B2AE8AA0243A5D3104545 /* CodexUsageViewerStore.swift */ = {isa = PBXFileReference; includeInIndex = 1; lastKnownFileType = sourcecode.swift; path = CodexUsageViewerStore.swift; sourceTree = "<group>"; };
		33486468499E2400D4C4200A /* BackgroundServiceRegistration.swift */ = {isa = PBXFileReference; includeInIndex = 1; lastKnownFileType = sourcecode.swift; path = BackgroundServiceRegistration.swift; sourceTree = "<group>"; };
		4FBDC2DD276B6D3EF5F7374B /* CodexUsageViewer.entitlements */ = {isa = PBXFileReference; includeInIndex = 1; lastKnownFileType = text.plist.entitlements; path = CodexUsageViewer.entitlements; sourceTree = "<group>"; };
		5171421CF41BFAE9CCF3D1A2 /* SharedSnapshotStore.swift */ = {isa = PBXFileReference; includeInIndex = 1; lastKnownFileType = sourcecode.swift; path = SharedSnapshotStore.swift; sourceTree = "<group>"; };
		6085A82F775133E5333B986E /* CodexUsageViewerUITests.xctest */ = {isa = PBXFileReference; explicitFileType = wrapper.cfbundle; includeInIndex = 0; path = CodexUsageViewerUITests.xctest; sourceTree = BUILT_PRODUCTS_DIR; };
		7634C43CEADB790B38FD6C5D /* CodexRPCFramer.swift */ = {isa = PBXFileReference; includeInIndex = 1; lastKnownFileType = sourcecode.swift; name = CodexRPCFramer.swift; path = Services/CodexRPCFramer.swift; sourceTree = "<group>"; };
		835953A9F73A440212581852 /* CodexUsageViewerWidget.entitlements */ = {isa = PBXFileReference; includeInIndex = 1; lastKnownFileType = text.plist.entitlements; path = CodexUsageViewerWidget.entitlements; sourceTree = "<group>"; };
		89FAA53786A02A3EF4D3BEE7 /* CodexUsageViewerUITests.swift */ = {isa = PBXFileReference; includeInIndex = 1; lastKnownFileType = sourcecode.swift; name = CodexUsageViewerUITests.swift; path = UI/CodexUsageViewerUITests.swift; sourceTree = "<group>"; };
		93E4479693C06F38795DD56B /* ChromeProfiles.swift */ = {isa = PBXFileReference; includeInIndex = 1; lastKnownFileType = sourcecode.swift; name = ChromeProfiles.swift; path = Services/ChromeProfiles.swift; sourceTree = "<group>"; };
		99B8CDDBBF0B8E13001F570E /* Cocoa.framework */ = {isa = PBXFileReference; lastKnownFileType = wrapper.framework; name = Cocoa.framework; path = Platforms/MacOSX.platform/Developer/SDKs/MacOSX15.0.sdk/System/Library/Frameworks/Cocoa.framework; sourceTree = DEVELOPER_DIR; };
		A0040A1DBD94B6740EEDCE8F /* UsageModels.swift */ = {isa = PBXFileReference; includeInIndex = 1; lastKnownFileType = sourcecode.swift; path = UsageModels.swift; sourceTree = "<group>"; };
		A78EE954D07CD823E64B1961 /* CodexUsageViewerWidget-Info.plist */ = {isa = PBXFileReference; includeInIndex = 1; lastKnownFileType = text.plist.xml; path = "CodexUsageViewerWidget-Info.plist"; sourceTree = "<group>"; };
		AEF23EECA480EC2DCBD311DD /* com.inndevs.codexusageviewer.helper.plist */ = {isa = PBXFileReference; includeInIndex = 1; lastKnownFileType = text.plist.xml; path = com.inndevs.codexusageviewer.helper.plist; sourceTree = "<group>"; };
		B15F92918845FF18139523AB /* CodexUsageViewerHelper.entitlements */ = {isa = PBXFileReference; includeInIndex = 1; lastKnownFileType = text.plist.entitlements; path = CodexUsageViewerHelper.entitlements; sourceTree = "<group>"; };
		B5724214063AE85214D845A3 /* CodexUsageViewerHelper */ = {isa = PBXFileReference; includeInIndex = 0; path = CodexUsageViewerHelper; sourceTree = BUILT_PRODUCTS_DIR; };
		C0716920D19DD6D3639F40C4 /* HelperMain.swift */ = {isa = PBXFileReference; includeInIndex = 1; lastKnownFileType = sourcecode.swift; path = HelperMain.swift; sourceTree = "<group>"; };
		CAE20F9FA926CFFD1964AC53 /* WeeklyUsage.swift */ = {isa = PBXFileReference; includeInIndex = 1; lastKnownFileType = sourcecode.swift; path = WeeklyUsage.swift; sourceTree = "<group>"; };
		CC7379B69978208E82113553 /* DashboardView.swift */ = {isa = PBXFileReference; includeInIndex = 1; lastKnownFileType = sourcecode.swift; name = DashboardView.swift; path = Views/DashboardView.swift; sourceTree = "<group>"; };
		D1384E2570ED224C8C41AC97 /* CodexUsageViewerApp.swift */ = {isa = PBXFileReference; includeInIndex = 1; lastKnownFileType = sourcecode.swift; path = CodexUsageViewerApp.swift; sourceTree = "<group>"; };
		DC3EE2F650AF3E957DD418E6 /* CodexUsageViewerHelper-Info.plist */ = {isa = PBXFileReference; includeInIndex = 1; lastKnownFileType = text.plist.xml; path = "CodexUsageViewerHelper-Info.plist"; sourceTree = "<group>"; };
		DE1BF1AE359A9D32AD7F3B8B /* CodexUsageViewerVersion.swift */ = {isa = PBXFileReference; includeInIndex = 1; lastKnownFileType = sourcecode.swift; path = CodexUsageViewerVersion.swift; sourceTree = "<group>"; };
		E15F185B11D509A339430260 /* ConnectionSheet.swift */ = {isa = PBXFileReference; includeInIndex = 1; lastKnownFileType = sourcecode.swift; name = ConnectionSheet.swift; path = Views/ConnectionSheet.swift; sourceTree = "<group>"; };
		E20A1D5EBE4A64A77AA6233F /* CodexUsageViewerStyle.swift */ = {isa = PBXFileReference; includeInIndex = 1; lastKnownFileType = sourcecode.swift; path = CodexUsageViewerStyle.swift; sourceTree = "<group>"; };
		E37125790EA2731F84689EAA /* CodexUsageViewerWidgetContent.swift */ = {isa = PBXFileReference; includeInIndex = 1; lastKnownFileType = sourcecode.swift; path = CodexUsageViewerWidgetContent.swift; sourceTree = "<group>"; };
		FB5363115836C276DF2B89B2 /* CodexUsageViewerWidget.swift */ = {isa = PBXFileReference; includeInIndex = 1; lastKnownFileType = sourcecode.swift; path = CodexUsageViewerWidget.swift; sourceTree = "<group>"; };
/* End PBXFileReference section */

/* Begin PBXFrameworksBuildPhase section */
		1AD3CB7BF57D973A7AECB53C /* Frameworks */ = {
			isa = PBXFrameworksBuildPhase;
			buildActionMask = 2147483647;
			files = (
				4304827745BC5F8637CDCA68 /* Cocoa.framework in Frameworks */,
			);
			runOnlyForDeploymentPostprocessing = 0;
		};
		6F777B73D6386F73F4F42F52 /* Frameworks */ = {
			isa = PBXFrameworksBuildPhase;
			buildActionMask = 2147483647;
			files = (
				1A37216094AA03DE9D0A70C8 /* Cocoa.framework in Frameworks */,
			);
			runOnlyForDeploymentPostprocessing = 0;
		};
		B8A0BEE819C217AC5B2174A1 /* Frameworks */ = {
			isa = PBXFrameworksBuildPhase;
			buildActionMask = 2147483647;
			files = (
				E161511F7E0E83A9E740C9AD /* Cocoa.framework in Frameworks */,
			);
			runOnlyForDeploymentPostprocessing = 0;
		};
		C635B7DAF2240BC658F6A4E4 /* Frameworks */ = {
			isa = PBXFrameworksBuildPhase;
			buildActionMask = 2147483647;
			files = (
				2E9F86480CE917A61FB81079 /* Cocoa.framework in Frameworks */,
			);
			runOnlyForDeploymentPostprocessing = 0;
		};
/* End PBXFrameworksBuildPhase section */

/* Begin PBXGroup section */
		0361F0E8B9DD8B7AC306123A /* Tests */ = {
			isa = PBXGroup;
			children = (
				89FAA53786A02A3EF4D3BEE7 /* CodexUsageViewerUITests.swift */,
			);
			name = Tests;
			path = Tests;
			sourceTree = "<group>";
		};
		0B738312E6070F938115BA38 /* Frameworks */ = {
			isa = PBXGroup;
			children = (
				CF0F65B00988EF521C13C8B5 /* OS X */,
			);
			name = Frameworks;
			sourceTree = "<group>";
		};
		25BE9194B6935295C225AB2F /* Background */ = {
			isa = PBXGroup;
			children = (
				27D905BDF7E41F4B310EA4CE /* BackgroundIPC.swift */,
				33486468499E2400D4C4200A /* BackgroundServiceRegistration.swift */,
			);
			name = Background;
			path = Background;
			sourceTree = "<group>";
		};
		3F5653CE578D92B517DADEAE = {
			isa = PBXGroup;
			children = (
				5CA325F4CED7D7ECE459602E /* Products */,
				0B738312E6070F938115BA38 /* Frameworks */,
				47F4A8A3024DF0D17EAB5235 /* CodexUsageViewer */,
				6BCC2BDA0C6B4F3F1E3A4FE3 /* Shared */,
				25BE9194B6935295C225AB2F /* Background */,
				557D5968E5E86CD44777B3C4 /* CodexUsageViewerHelper */,
				84536D355B0E8A5271E311C1 /* CodexUsageViewerWidget */,
				5B777732B21E2E50CC0BE4FE /* Config */,
				0361F0E8B9DD8B7AC306123A /* Tests */,
			);
			sourceTree = "<group>";
		};
		47F4A8A3024DF0D17EAB5235 /* CodexUsageViewer */ = {
			isa = PBXGroup;
			children = (
				D1384E2570ED224C8C41AC97 /* CodexUsageViewerApp.swift */,
				2A2B2AE8AA0243A5D3104545 /* CodexUsageViewerStore.swift */,
				93E4479693C06F38795DD56B /* ChromeProfiles.swift */,
				1DCD985B373C03D8B2D99924 /* CodexConnection.swift */,
				7634C43CEADB790B38FD6C5D /* CodexRPCFramer.swift */,
				1304667B30FDFCA64E111A1A /* CodexUsageViewerSettingsView.swift */,
				E15F185B11D509A339430260 /* ConnectionSheet.swift */,
				CC7379B69978208E82113553 /* DashboardView.swift */,
				1263B823242736A4DAB794F9 /* Assets.xcassets */,
			);
			name = CodexUsageViewer;
			path = CodexUsageViewer;
			sourceTree = "<group>";
		};
		557D5968E5E86CD44777B3C4 /* CodexUsageViewerHelper */ = {
			isa = PBXGroup;
			children = (
				C0716920D19DD6D3639F40C4 /* HelperMain.swift */,
			);
			name = CodexUsageViewerHelper;
			path = CodexUsageViewerHelper;
			sourceTree = "<group>";
		};
		5B777732B21E2E50CC0BE4FE /* Config */ = {
			isa = PBXGroup;
			children = (
				1B519D6574EE902073BC6D17 /* CodexUsageViewer-Info.plist */,
				4FBDC2DD276B6D3EF5F7374B /* CodexUsageViewer.entitlements */,
				DC3EE2F650AF3E957DD418E6 /* CodexUsageViewerHelper-Info.plist */,
				B15F92918845FF18139523AB /* CodexUsageViewerHelper.entitlements */,
				A78EE954D07CD823E64B1961 /* CodexUsageViewerWidget-Info.plist */,
				835953A9F73A440212581852 /* CodexUsageViewerWidget.entitlements */,
				AEF23EECA480EC2DCBD311DD /* com.inndevs.codexusageviewer.helper.plist */,
			);
			name = Config;
			path = Config;
			sourceTree = "<group>";
		};
		5CA325F4CED7D7ECE459602E /* Products */ = {
			isa = PBXGroup;
			children = (
				12C14B0A43AECC8EF3623BCC /* CodexUsageViewer.app */,
				09FB0F14B109348A1799FF88 /* CodexUsageViewerWidget.appex */,
				B5724214063AE85214D845A3 /* CodexUsageViewerHelper */,
				6085A82F775133E5333B986E /* CodexUsageViewerUITests.xctest */,
			);
			name = Products;
			sourceTree = "<group>";
		};
		6BCC2BDA0C6B4F3F1E3A4FE3 /* Shared */ = {
			isa = PBXGroup;
			children = (
				E20A1D5EBE4A64A77AA6233F /* CodexUsageViewerStyle.swift */,
				DE1BF1AE359A9D32AD7F3B8B /* CodexUsageViewerVersion.swift */,
				5171421CF41BFAE9CCF3D1A2 /* SharedSnapshotStore.swift */,
				A0040A1DBD94B6740EEDCE8F /* UsageModels.swift */,
				CAE20F9FA926CFFD1964AC53 /* WeeklyUsage.swift */,
			);
			name = Shared;
			path = Shared;
			sourceTree = "<group>";
		};
		84536D355B0E8A5271E311C1 /* CodexUsageViewerWidget */ = {
			isa = PBXGroup;
			children = (
				FB5363115836C276DF2B89B2 /* CodexUsageViewerWidget.swift */,
				E37125790EA2731F84689EAA /* CodexUsageViewerWidgetContent.swift */,
			);
			name = CodexUsageViewerWidget;
			path = CodexUsageViewerWidget;
			sourceTree = "<group>";
		};
		CF0F65B00988EF521C13C8B5 /* OS X */ = {
			isa = PBXGroup;
			children = (
				99B8CDDBBF0B8E13001F570E /* Cocoa.framework */,
			);
			name = "OS X";
			sourceTree = "<group>";
		};
/* End PBXGroup section */

/* Begin PBXNativeTarget section */
		1E4E7986F2E39509528D2E7C /* CodexUsageViewer */ = {
			isa = PBXNativeTarget;
			buildConfigurationList = BA2ED9A12F62192753FA99B3 /* Build configuration list for PBXNativeTarget "CodexUsageViewer" */;
			buildPhases = (
				E6F7AF5EA3125C7198C73ED7 /* Sources */,
				C635B7DAF2240BC658F6A4E4 /* Frameworks */,
				EB049BB88785A864DA84847B /* Resources */,
				D8DF149D3DFE506087652D16 /* Embed App Extensions */,
				2FDB4F8A24CC1F4867BDEED3 /* Embed Background Helper */,
				B56E7665087BFFCCB785E3CF /* Embed Launch Agent */,
				0FC08237E837CCE5F65C62A1 /* Derive version from Git */,
			);
			buildRules = (
			);
			dependencies = (
				F389758238496EF68F5B2647 /* PBXTargetDependency */,
				EE932042032608091E6E287F /* PBXTargetDependency */,
			);
			name = CodexUsageViewer;
			productName = CodexUsageViewer;
			productReference = 12C14B0A43AECC8EF3623BCC /* CodexUsageViewer.app */;
			productType = "com.apple.product-type.application";
		};
		3248914E613802A01A5951B8 /* CodexUsageViewerUITests */ = {
			isa = PBXNativeTarget;
			buildConfigurationList = 1C0DF75CC7E19F5579B7104A /* Build configuration list for PBXNativeTarget "CodexUsageViewerUITests" */;
			buildPhases = (
				459A1D8FA87EEEA911E0DC38 /* Sources */,
				B8A0BEE819C217AC5B2174A1 /* Frameworks */,
				DC21DF06FECABCF35881D764 /* Resources */,
			);
			buildRules = (
			);
			dependencies = (
				8CABF5F482EA3DB8F4AA41CF /* PBXTargetDependency */,
			);
			name = CodexUsageViewerUITests;
			productName = CodexUsageViewerUITests;
			productReference = 6085A82F775133E5333B986E /* CodexUsageViewerUITests.xctest */;
			productType = "com.apple.product-type.bundle.ui-testing";
		};
		786AA70BA23539CEBC767FC6 /* CodexUsageViewerHelper */ = {
			isa = PBXNativeTarget;
			buildConfigurationList = 2203A5FDC7F61F8E2717D384 /* Build configuration list for PBXNativeTarget "CodexUsageViewerHelper" */;
			buildPhases = (
				8392A6C03D1EC00B1DA0F71B /* Derive helper version from Git */,
				C3A22DBCEAC42ACD40A66B5C /* Sources */,
				6F777B73D6386F73F4F42F52 /* Frameworks */,
			);
			buildRules = (
			);
			dependencies = (
			);
			name = CodexUsageViewerHelper;
			productName = CodexUsageViewerHelper;
			productReference = B5724214063AE85214D845A3 /* CodexUsageViewerHelper */;
			productType = "com.apple.product-type.tool";
		};
		B6BC1D831EDD003471672E1F /* CodexUsageViewerWidget */ = {
			isa = PBXNativeTarget;
			buildConfigurationList = E07D0B498EED49C4F97EB4AF /* Build configuration list for PBXNativeTarget "CodexUsageViewerWidget" */;
			buildPhases = (
				A051043C868FB24F1517ECA6 /* Sources */,
				1AD3CB7BF57D973A7AECB53C /* Frameworks */,
				23D3AA4ABD7D97A1AF4ADE86 /* Resources */,
				874F5C95E3651BE1479ED4B3 /* Derive version from Git */,
			);
			buildRules = (
			);
			dependencies = (
			);
			name = CodexUsageViewerWidget;
			productName = CodexUsageViewerWidget;
			productReference = 09FB0F14B109348A1799FF88 /* CodexUsageViewerWidget.appex */;
			productType = "com.apple.product-type.app-extension";
		};
/* End PBXNativeTarget section */

/* Begin PBXProject section */
		B233123647BC784FB87AA2D4 /* Project object */ = {
			isa = PBXProject;
			attributes = {
				LastSwiftUpdateCheck = 1600;
				LastUpgradeCheck = 2700;
			};
			buildConfigurationList = 1D2FB9ED13AA5419FE140F98 /* Build configuration list for PBXProject "CodexUsageViewer" */;
			compatibilityVersion = "Xcode 3.2";
			developmentRegion = en;
			hasScannedForEncodings = 0;
			knownRegions = (
				en,
				Base,
			);
			mainGroup = 3F5653CE578D92B517DADEAE;
			minimizedProjectReferenceProxies = 0;
			preferredProjectObjectVersion = 77;
			productRefGroup = 5CA325F4CED7D7ECE459602E /* Products */;
			projectDirPath = "";
			projectRoot = "";
			targets = (
				1E4E7986F2E39509528D2E7C /* CodexUsageViewer */,
				B6BC1D831EDD003471672E1F /* CodexUsageViewerWidget */,
				786AA70BA23539CEBC767FC6 /* CodexUsageViewerHelper */,
				3248914E613802A01A5951B8 /* CodexUsageViewerUITests */,
			);
		};
/* End PBXProject section */

/* Begin PBXResourcesBuildPhase section */
		23D3AA4ABD7D97A1AF4ADE86 /* Resources */ = {
			isa = PBXResourcesBuildPhase;
			buildActionMask = 2147483647;
			files = (
			);
			runOnlyForDeploymentPostprocessing = 0;
		};
		DC21DF06FECABCF35881D764 /* Resources */ = {
			isa = PBXResourcesBuildPhase;
			buildActionMask = 2147483647;
			files = (
			);
			runOnlyForDeploymentPostprocessing = 0;
		};
		EB049BB88785A864DA84847B /* Resources */ = {
			isa = PBXResourcesBuildPhase;
			buildActionMask = 2147483647;
			files = (
				D348CE363FFEA87B8270BFEE /* Assets.xcassets in Resources */,
			);
			runOnlyForDeploymentPostprocessing = 0;
		};
/* End PBXResourcesBuildPhase section */

/* Begin PBXShellScriptBuildPhase section */
		0FC08237E837CCE5F65C62A1 /* Derive version from Git */ = {
			isa = PBXShellScriptBuildPhase;
			alwaysOutOfDate = 1;
			buildActionMask = 2147483647;
			files = (
			);
			inputFileListPaths = (
			);
			inputPaths = (
				"$(TARGET_BUILD_DIR)/$(INFOPLIST_PATH)",
			);
			name = "Derive version from Git";
			outputFileListPaths = (
			);
			outputPaths = (
				"$(TARGET_BUILD_DIR)/$(UNLOCALIZED_RESOURCES_FOLDER_PATH)/BuildVersion.json",
			);
			runOnlyForDeploymentPostprocessing = 0;
			shellPath = /bin/sh;
			shellScript = "python3 \"${SRCROOT}/scripts/version.py\" --write-bundle \"${TARGET_BUILD_DIR}/${WRAPPER_NAME}\"";
		};
		8392A6C03D1EC00B1DA0F71B /* Derive helper version from Git */ = {
			isa = PBXShellScriptBuildPhase;
			alwaysOutOfDate = 1;
			buildActionMask = 2147483647;
			files = (
			);
			inputFileListPaths = (
			);
			inputPaths = (
				"$(SRCROOT)/Config/CodexUsageViewerHelper-Info.plist",
				"$(SRCROOT)/VERSION",
				"$(SRCROOT)/scripts/version.py",
			);
			name = "Derive helper version from Git";
			outputFileListPaths = (
			);
			outputPaths = (
				"$(DERIVED_FILE_DIR)/CodexUsageViewerHelper-Info.plist",
			);
			runOnlyForDeploymentPostprocessing = 0;
			shellPath = /bin/sh;
			shellScript = "python3 \"${SRCROOT}/scripts/version.py\" --write-plist \"${DERIVED_FILE_DIR}/CodexUsageViewerHelper-Info.plist\" --plist-template \"${SRCROOT}/Config/CodexUsageViewerHelper-Info.plist\"";
		};
		874F5C95E3651BE1479ED4B3 /* Derive version from Git */ = {
			isa = PBXShellScriptBuildPhase;
			alwaysOutOfDate = 1;
			buildActionMask = 2147483647;
			files = (
			);
			inputFileListPaths = (
			);
			inputPaths = (
				"$(TARGET_BUILD_DIR)/$(INFOPLIST_PATH)",
			);
			name = "Derive version from Git";
			outputFileListPaths = (
			);
			outputPaths = (
				"$(TARGET_BUILD_DIR)/$(UNLOCALIZED_RESOURCES_FOLDER_PATH)/BuildVersion.json",
			);
			runOnlyForDeploymentPostprocessing = 0;
			shellPath = /bin/sh;
			shellScript = "python3 \"${SRCROOT}/scripts/version.py\" --write-bundle \"${TARGET_BUILD_DIR}/${WRAPPER_NAME}\"";
		};
/* End PBXShellScriptBuildPhase section */

/* Begin PBXSourcesBuildPhase section */
		459A1D8FA87EEEA911E0DC38 /* Sources */ = {
			isa = PBXSourcesBuildPhase;
			buildActionMask = 2147483647;
			files = (
				8C515EB450F86BC81E60C3FF /* CodexUsageViewerUITests.swift in Sources */,
			);
			runOnlyForDeploymentPostprocessing = 0;
		};
		A051043C868FB24F1517ECA6 /* Sources */ = {
			isa = PBXSourcesBuildPhase;
			buildActionMask = 2147483647;
			files = (
				704726FD804FEF267AAC1BCB /* CodexUsageViewerWidget.swift in Sources */,
				62CD1E4817A23A248081F5DA /* CodexUsageViewerWidgetContent.swift in Sources */,
				6B409805C69A36C361EBE228 /* CodexUsageViewerStyle.swift in Sources */,
				599E2922D98B23EAFEAB35ED /* CodexUsageViewerVersion.swift in Sources */,
				C4EB5AE101BC5E2E0808EC81 /* SharedSnapshotStore.swift in Sources */,
				998D5830CCB2D24B987D9EBE /* UsageModels.swift in Sources */,
				5E8061E2B473C61030BD6F82 /* WeeklyUsage.swift in Sources */,
			);
			runOnlyForDeploymentPostprocessing = 0;
		};
		C3A22DBCEAC42ACD40A66B5C /* Sources */ = {
			isa = PBXSourcesBuildPhase;
			buildActionMask = 2147483647;
			files = (
				D30B1257B2B01A3E14CBA9E8 /* BackgroundIPC.swift in Sources */,
				9BBC535CB8C86D9EC0ACA0B5 /* BackgroundServiceRegistration.swift in Sources */,
				F65116DB49F8A25751E8AD32 /* CodexUsageViewerStore.swift in Sources */,
				14CAA682A560861FF9F9264A /* ChromeProfiles.swift in Sources */,
				12C9422C6F7BEDA8B16F7CDF /* CodexConnection.swift in Sources */,
				AAE28F3F5D318451AE296A76 /* CodexRPCFramer.swift in Sources */,
				D4062778982411AAFE352B7B /* HelperMain.swift in Sources */,
				1BC922033AE4922CE03B6CCE /* CodexUsageViewerStyle.swift in Sources */,
				B51522A237DE48BF1884F3EF /* CodexUsageViewerVersion.swift in Sources */,
				B14CB8F81D0C899F7438D685 /* SharedSnapshotStore.swift in Sources */,
				27D28B25CDE2272CA3820171 /* UsageModels.swift in Sources */,
				7DCDF9DAAE6CD04B4BD9BE9B /* WeeklyUsage.swift in Sources */,
			);
			runOnlyForDeploymentPostprocessing = 0;
		};
		E6F7AF5EA3125C7198C73ED7 /* Sources */ = {
			isa = PBXSourcesBuildPhase;
			buildActionMask = 2147483647;
			files = (
				91439C822E0E01C61CA2B3AC /* BackgroundIPC.swift in Sources */,
				E15E6CAEECF36CC995AEEB08 /* BackgroundServiceRegistration.swift in Sources */,
				E96982E8FE371D6F0DA3B6C5 /* CodexUsageViewerApp.swift in Sources */,
				74BA8C3E7E2C65272D4052E9 /* CodexUsageViewerStore.swift in Sources */,
				F9FCA6D16411DF4ABBFA6ACF /* ChromeProfiles.swift in Sources */,
				4207833C6872C8EC4039DC39 /* CodexConnection.swift in Sources */,
				298D960925A5927926377764 /* CodexRPCFramer.swift in Sources */,
				03B55317FA1E004AC906140C /* CodexUsageViewerSettingsView.swift in Sources */,
				1D243E2607161EFF634A719E /* ConnectionSheet.swift in Sources */,
				475E7EFD778FFF2AB005FD18 /* DashboardView.swift in Sources */,
				0E19DAB721C3A86687E37D83 /* CodexUsageViewerStyle.swift in Sources */,
				57A9D84F705CD8974DC73D2D /* CodexUsageViewerVersion.swift in Sources */,
				CC37C1A282330123A693999B /* SharedSnapshotStore.swift in Sources */,
				646D336E753EE4107DCBA852 /* UsageModels.swift in Sources */,
				5C4B209B865658A84FA71717 /* WeeklyUsage.swift in Sources */,
			);
			runOnlyForDeploymentPostprocessing = 0;
		};
/* End PBXSourcesBuildPhase section */

/* Begin PBXTargetDependency section */
		8CABF5F482EA3DB8F4AA41CF /* PBXTargetDependency */ = {
			isa = PBXTargetDependency;
			name = CodexUsageViewer;
			target = 1E4E7986F2E39509528D2E7C /* CodexUsageViewer */;
			targetProxy = D0A350DFF89B4A241281B38B /* PBXContainerItemProxy */;
		};
		EE932042032608091E6E287F /* PBXTargetDependency */ = {
			isa = PBXTargetDependency;
			name = CodexUsageViewerHelper;
			target = 786AA70BA23539CEBC767FC6 /* CodexUsageViewerHelper */;
			targetProxy = D60CD5AED3AE06A89A9B6729 /* PBXContainerItemProxy */;
		};
		F389758238496EF68F5B2647 /* PBXTargetDependency */ = {
			isa = PBXTargetDependency;
			name = CodexUsageViewerWidget;
			target = B6BC1D831EDD003471672E1F /* CodexUsageViewerWidget */;
			targetProxy = AECCE2AD706BDAE0104B6D7A /* PBXContainerItemProxy */;
		};
/* End PBXTargetDependency section */

/* Begin XCBuildConfiguration section */
		948D259614F4129B70EA6B1A /* Debug */ = {
			isa = XCBuildConfiguration;
			buildSettings = {
				ALWAYS_SEARCH_USER_PATHS = NO;
				CLANG_ANALYZER_NONNULL = YES;
				CLANG_ANALYZER_NUMBER_OBJECT_CONVERSION = YES_AGGRESSIVE;
				CLANG_CXX_LANGUAGE_STANDARD = "gnu++14";
				CLANG_CXX_LIBRARY = "libc++";
				CLANG_ENABLE_MODULES = YES;
				CLANG_ENABLE_OBJC_ARC = YES;
				CLANG_ENABLE_OBJC_WEAK = YES;
				CLANG_WARN_BLOCK_CAPTURE_AUTORELEASING = YES;
				CLANG_WARN_BOOL_CONVERSION = YES;
				CLANG_WARN_COMMA = YES;
				CLANG_WARN_CONSTANT_CONVERSION = YES;
				CLANG_WARN_DEPRECATED_OBJC_IMPLEMENTATIONS = YES;
				CLANG_WARN_DIRECT_OBJC_ISA_USAGE = YES_ERROR;
				CLANG_WARN_DOCUMENTATION_COMMENTS = YES;
				CLANG_WARN_EMPTY_BODY = YES;
				CLANG_WARN_ENUM_CONVERSION = YES;
				CLANG_WARN_INFINITE_RECURSION = YES;
				CLANG_WARN_INT_CONVERSION = YES;
				CLANG_WARN_NON_LITERAL_NULL_CONVERSION = YES;
				CLANG_WARN_OBJC_IMPLICIT_RETAIN_SELF = YES;
				CLANG_WARN_OBJC_LITERAL_CONVERSION = YES;
				CLANG_WARN_OBJC_ROOT_CLASS = YES_ERROR;
				CLANG_WARN_QUOTED_INCLUDE_IN_FRAMEWORK_HEADER = YES;
				CLANG_WARN_RANGE_LOOP_ANALYSIS = YES;
				CLANG_WARN_STRICT_PROTOTYPES = YES;
				CLANG_WARN_SUSPICIOUS_MOVE = YES;
				CLANG_WARN_UNGUARDED_AVAILABILITY = YES_AGGRESSIVE;
				CLANG_WARN_UNREACHABLE_CODE = YES;
				CLANG_WARN__DUPLICATE_METHOD_MATCH = YES;
				CODE_SIGN_IDENTITY = "Developer ID Application";
				CODE_SIGN_STYLE = Manual;
				COPY_PHASE_STRIP = NO;
				CURRENT_PROJECT_VERSION = 1;
				DEBUG_INFORMATION_FORMAT = dwarf;
				DEVELOPMENT_TEAM = AW7ZNT442J;
				ENABLE_HARDENED_RUNTIME = YES;
				ENABLE_STRICT_OBJC_MSGSEND = YES;
				ENABLE_TESTABILITY = YES;
				ENABLE_USER_SCRIPT_SANDBOXING = NO;
				GCC_C_LANGUAGE_STANDARD = gnu11;
				GCC_DYNAMIC_NO_PIC = NO;
				GCC_NO_COMMON_BLOCKS = YES;
				GCC_OPTIMIZATION_LEVEL = 0;
				GCC_PREPROCESSOR_DEFINITIONS = (
					"DEBUG=1",
					"$(inherited)",
				);
				GCC_WARN_64_TO_32_BIT_CONVERSION = YES;
				GCC_WARN_ABOUT_RETURN_TYPE = YES_ERROR;
				GCC_WARN_UNDECLARED_SELECTOR = YES;
				GCC_WARN_UNINITIALIZED_AUTOS = YES_AGGRESSIVE;
				GCC_WARN_UNUSED_FUNCTION = YES;
				GCC_WARN_UNUSED_VARIABLE = YES;
				GENERATE_INFOPLIST_FILE = NO;
				MACOSX_DEPLOYMENT_TARGET = 27.0;
				MARKETING_VERSION = 1.4;
				MTL_ENABLE_DEBUG_INFO = INCLUDE_SOURCE;
				MTL_FAST_MATH = YES;
				ONLY_ACTIVE_ARCH = YES;
				PRODUCT_NAME = "$(TARGET_NAME)";
				SWIFT_ACTIVE_COMPILATION_CONDITIONS = DEBUG;
				SWIFT_EMIT_LOC_STRINGS = YES;
				SWIFT_OPTIMIZATION_LEVEL = "-Onone";
				SWIFT_STRICT_CONCURRENCY = complete;
				SWIFT_VERSION = 5.0;
			};
			name = Debug;
		};
		9E8245FAAEB4B70CC553EFE2 /* Release */ = {
			isa = XCBuildConfiguration;
			buildSettings = {
				APPLICATION_EXTENSION_API_ONLY = YES;
				CODE_SIGN_ENTITLEMENTS = Config/CodexUsageViewerWidget.entitlements;
				COMBINE_HIDPI_IMAGES = YES;
				INFOPLIST_FILE = "Config/CodexUsageViewerWidget-Info.plist";
				LD_RUNPATH_SEARCH_PATHS = "$(inherited) @executable_path/../Frameworks";
				MACOSX_DEPLOYMENT_TARGET = 27.0;
				PRODUCT_BUNDLE_IDENTIFIER = com.inndevs.codexusageviewer.widget;
				SDKROOT = macosx;
				SKIP_INSTALL = YES;
				SWIFT_VERSION = 5.0;
			};
			name = Release;
		};
		AA733D218D47C44F9FB8F31B /* Debug */ = {
			isa = XCBuildConfiguration;
			buildSettings = {
				CODE_SIGN_ENTITLEMENTS = Config/CodexUsageViewerHelper.entitlements;
				CREATE_INFOPLIST_SECTION_IN_BINARY = YES;
				INFOPLIST_FILE = "$(DERIVED_FILE_DIR)/CodexUsageViewerHelper-Info.plist";
				LD_RUNPATH_SEARCH_PATHS = "$(inherited) @executable_path/../Frameworks";
				MACOSX_DEPLOYMENT_TARGET = 27.0;
				PRODUCT_BUNDLE_IDENTIFIER = com.inndevs.codexusageviewer.helper;
				SDKROOT = macosx;
				SKIP_INSTALL = YES;
			};
			name = Debug;
		};
		BD0375BCB01B2E2DF353B223 /* Debug */ = {
			isa = XCBuildConfiguration;
			buildSettings = {
				CODE_SIGN_IDENTITY = "Apple Development";
				GENERATE_INFOPLIST_FILE = YES;
				MACOSX_DEPLOYMENT_TARGET = 27.0;
				PRODUCT_BUNDLE_IDENTIFIER = com.inndevs.codexusageviewer.uitests;
				SDKROOT = macosx;
				SWIFT_VERSION = 5.0;
				TEST_TARGET_NAME = CodexUsageViewer;
			};
			name = Debug;
		};
		C0B0F07B4B8DD8564C72DA98 /* Release */ = {
			isa = XCBuildConfiguration;
			buildSettings = {
				ALWAYS_SEARCH_USER_PATHS = NO;
				CLANG_ANALYZER_NONNULL = YES;
				CLANG_ANALYZER_NUMBER_OBJECT_CONVERSION = YES_AGGRESSIVE;
				CLANG_CXX_LANGUAGE_STANDARD = "gnu++14";
				CLANG_CXX_LIBRARY = "libc++";
				CLANG_ENABLE_MODULES = YES;
				CLANG_ENABLE_OBJC_ARC = YES;
				CLANG_ENABLE_OBJC_WEAK = YES;
				CLANG_WARN_BLOCK_CAPTURE_AUTORELEASING = YES;
				CLANG_WARN_BOOL_CONVERSION = YES;
				CLANG_WARN_COMMA = YES;
				CLANG_WARN_CONSTANT_CONVERSION = YES;
				CLANG_WARN_DEPRECATED_OBJC_IMPLEMENTATIONS = YES;
				CLANG_WARN_DIRECT_OBJC_ISA_USAGE = YES_ERROR;
				CLANG_WARN_DOCUMENTATION_COMMENTS = YES;
				CLANG_WARN_EMPTY_BODY = YES;
				CLANG_WARN_ENUM_CONVERSION = YES;
				CLANG_WARN_INFINITE_RECURSION = YES;
				CLANG_WARN_INT_CONVERSION = YES;
				CLANG_WARN_NON_LITERAL_NULL_CONVERSION = YES;
				CLANG_WARN_OBJC_IMPLICIT_RETAIN_SELF = YES;
				CLANG_WARN_OBJC_LITERAL_CONVERSION = YES;
				CLANG_WARN_OBJC_ROOT_CLASS = YES_ERROR;
				CLANG_WARN_QUOTED_INCLUDE_IN_FRAMEWORK_HEADER = YES;
				CLANG_WARN_RANGE_LOOP_ANALYSIS = YES;
				CLANG_WARN_STRICT_PROTOTYPES = YES;
				CLANG_WARN_SUSPICIOUS_MOVE = YES;
				CLANG_WARN_UNGUARDED_AVAILABILITY = YES_AGGRESSIVE;
				CLANG_WARN_UNREACHABLE_CODE = YES;
				CLANG_WARN__DUPLICATE_METHOD_MATCH = YES;
				CODE_SIGN_IDENTITY = "Developer ID Application";
				CODE_SIGN_INJECT_BASE_ENTITLEMENTS = NO;
				CODE_SIGN_STYLE = Manual;
				COPY_PHASE_STRIP = NO;
				CURRENT_PROJECT_VERSION = 1;
				DEBUG_INFORMATION_FORMAT = "dwarf-with-dsym";
				DEVELOPMENT_TEAM = AW7ZNT442J;
				ENABLE_HARDENED_RUNTIME = YES;
				ENABLE_NS_ASSERTIONS = NO;
				ENABLE_STRICT_OBJC_MSGSEND = YES;
				ENABLE_USER_SCRIPT_SANDBOXING = NO;
				GCC_C_LANGUAGE_STANDARD = gnu11;
				GCC_NO_COMMON_BLOCKS = YES;
				GCC_WARN_64_TO_32_BIT_CONVERSION = YES;
				GCC_WARN_ABOUT_RETURN_TYPE = YES_ERROR;
				GCC_WARN_UNDECLARED_SELECTOR = YES;
				GCC_WARN_UNINITIALIZED_AUTOS = YES_AGGRESSIVE;
				GCC_WARN_UNUSED_FUNCTION = YES;
				GCC_WARN_UNUSED_VARIABLE = YES;
				GENERATE_INFOPLIST_FILE = NO;
				MACOSX_DEPLOYMENT_TARGET = 27.0;
				MARKETING_VERSION = 1.4;
				MTL_ENABLE_DEBUG_INFO = NO;
				MTL_FAST_MATH = YES;
				OTHER_CODE_SIGN_FLAGS = "--timestamp";
				PRODUCT_NAME = "$(TARGET_NAME)";
				SWIFT_COMPILATION_MODE = wholemodule;
				SWIFT_EMIT_LOC_STRINGS = YES;
				SWIFT_OPTIMIZATION_LEVEL = "-O";
				SWIFT_STRICT_CONCURRENCY = complete;
				SWIFT_VERSION = 5.0;
			};
			name = Release;
		};
		CB11D8080753AA80EFC31A5B /* Debug */ = {
			isa = XCBuildConfiguration;
			buildSettings = {
				APPLICATION_EXTENSION_API_ONLY = YES;
				CODE_SIGN_ENTITLEMENTS = Config/CodexUsageViewerWidget.entitlements;
				COMBINE_HIDPI_IMAGES = YES;
				INFOPLIST_FILE = "Config/CodexUsageViewerWidget-Info.plist";
				LD_RUNPATH_SEARCH_PATHS = "$(inherited) @executable_path/../Frameworks";
				MACOSX_DEPLOYMENT_TARGET = 27.0;
				PRODUCT_BUNDLE_IDENTIFIER = com.inndevs.codexusageviewer.widget;
				SDKROOT = macosx;
				SKIP_INSTALL = YES;
				SWIFT_VERSION = 5.0;
			};
			name = Debug;
		};
		DA0B62101F98B30607CBAA33 /* Release */ = {
			isa = XCBuildConfiguration;
			buildSettings = {
				ASSETCATALOG_COMPILER_APPICON_NAME = AppIcon;
				ASSETCATALOG_COMPILER_GLOBAL_ACCENT_COLOR_NAME = AccentColor;
				CODE_SIGN_ENTITLEMENTS = Config/CodexUsageViewer.entitlements;
				COMBINE_HIDPI_IMAGES = YES;
				INFOPLIST_FILE = "Config/CodexUsageViewer-Info.plist";
				LD_RUNPATH_SEARCH_PATHS = "$(inherited) @executable_path/../Frameworks";
				MACOSX_DEPLOYMENT_TARGET = 27.0;
				PRODUCT_BUNDLE_IDENTIFIER = com.inndevs.codexusageviewer;
				PRODUCT_NAME = "Codex Usage Viewer";
				SDKROOT = macosx;
				SWIFT_VERSION = 5.0;
			};
			name = Release;
		};
		ED8E91E14D1D72A00F611C32 /* Release */ = {
			isa = XCBuildConfiguration;
			buildSettings = {
				CODE_SIGN_IDENTITY = "Apple Development";
				GENERATE_INFOPLIST_FILE = YES;
				MACOSX_DEPLOYMENT_TARGET = 27.0;
				PRODUCT_BUNDLE_IDENTIFIER = com.inndevs.codexusageviewer.uitests;
				SDKROOT = macosx;
				SWIFT_VERSION = 5.0;
				TEST_TARGET_NAME = CodexUsageViewer;
			};
			name = Release;
		};
		F07A32122B62927190AA35CF /* Release */ = {
			isa = XCBuildConfiguration;
			buildSettings = {
				CODE_SIGN_ENTITLEMENTS = Config/CodexUsageViewerHelper.entitlements;
				CREATE_INFOPLIST_SECTION_IN_BINARY = YES;
				INFOPLIST_FILE = "$(DERIVED_FILE_DIR)/CodexUsageViewerHelper-Info.plist";
				LD_RUNPATH_SEARCH_PATHS = "$(inherited) @executable_path/../Frameworks";
				MACOSX_DEPLOYMENT_TARGET = 27.0;
				PRODUCT_BUNDLE_IDENTIFIER = com.inndevs.codexusageviewer.helper;
				SDKROOT = macosx;
				SKIP_INSTALL = YES;
			};
			name = Release;
		};
		FA9960A516F9EC2934522D77 /* Debug */ = {
			isa = XCBuildConfiguration;
			buildSettings = {
				ASSETCATALOG_COMPILER_APPICON_NAME = AppIcon;
				ASSETCATALOG_COMPILER_GLOBAL_ACCENT_COLOR_NAME = AccentColor;
				CODE_SIGN_ENTITLEMENTS = Config/CodexUsageViewer.entitlements;
				COMBINE_HIDPI_IMAGES = YES;
				INFOPLIST_FILE = "Config/CodexUsageViewer-Info.plist";
				LD_RUNPATH_SEARCH_PATHS = "$(inherited) @executable_path/../Frameworks";
				MACOSX_DEPLOYMENT_TARGET = 27.0;
				PRODUCT_BUNDLE_IDENTIFIER = com.inndevs.codexusageviewer;
				PRODUCT_NAME = "Codex Usage Viewer";
				SDKROOT = macosx;
				SWIFT_VERSION = 5.0;
			};
			name = Debug;
		};
/* End XCBuildConfiguration section */

/* Begin XCConfigurationList section */
		1C0DF75CC7E19F5579B7104A /* Build configuration list for PBXNativeTarget "CodexUsageViewerUITests" */ = {
			isa = XCConfigurationList;
			buildConfigurations = (
				ED8E91E14D1D72A00F611C32 /* Release */,
				BD0375BCB01B2E2DF353B223 /* Debug */,
			);
			defaultConfigurationIsVisible = 0;
			defaultConfigurationName = Release;
		};
		1D2FB9ED13AA5419FE140F98 /* Build configuration list for PBXProject "CodexUsageViewer" */ = {
			isa = XCConfigurationList;
			buildConfigurations = (
				948D259614F4129B70EA6B1A /* Debug */,
				C0B0F07B4B8DD8564C72DA98 /* Release */,
			);
			defaultConfigurationIsVisible = 0;
			defaultConfigurationName = Release;
		};
		2203A5FDC7F61F8E2717D384 /* Build configuration list for PBXNativeTarget "CodexUsageViewerHelper" */ = {
			isa = XCConfigurationList;
			buildConfigurations = (
				F07A32122B62927190AA35CF /* Release */,
				AA733D218D47C44F9FB8F31B /* Debug */,
			);
			defaultConfigurationIsVisible = 0;
			defaultConfigurationName = Release;
		};
		BA2ED9A12F62192753FA99B3 /* Build configuration list for PBXNativeTarget "CodexUsageViewer" */ = {
			isa = XCConfigurationList;
			buildConfigurations = (
				DA0B62101F98B30607CBAA33 /* Release */,
				FA9960A516F9EC2934522D77 /* Debug */,
			);
			defaultConfigurationIsVisible = 0;
			defaultConfigurationName = Release;
		};
		E07D0B498EED49C4F97EB4AF /* Build configuration list for PBXNativeTarget "CodexUsageViewerWidget" */ = {
			isa = XCConfigurationList;
			buildConfigurations = (
				9E8245FAAEB4B70CC553EFE2 /* Release */,
				CB11D8080753AA80EFC31A5B /* Debug */,
			);
			defaultConfigurationIsVisible = 0;
			defaultConfigurationName = Release;
		};
/* End XCConfigurationList section */
	};
	rootObject = B233123647BC784FB87AA2D4 /* Project object */;
}
